
Microsoft Visual Studio Solution File, Format Version 12.00
# Visual Studio 15
VisualStudioVersion = 15.0.28010.2026
MinimumVisualStudioVersion = 10.0.40219.1
Project("{FAE04EC0-301F-11D3-BF4B-00C04F79EFBC}") = "Math_Magic.Android", "Math_Magic\Math_Magic.Android\Math_Magic.Android.csproj", "{C0F05728-2D3E-45E0-82A6-47940D8DE4B3}"
EndProject
Project("{FAE04EC0-301F-11D3-BF4B-00C04F79EFBC}") = "Math_Magic.iOS", "Math_Magic\Math_Magic.iOS\Math_Magic.iOS.csproj", "{F747F4B4-DF52-4006-8CD8-6AB7CDAA55FD}"
EndProject
Project("{FAE04EC0-301F-11D3-BF4B-00C04F79EFBC}") = "Math_Magic.UWP", "Math_Magic\Math_Magic.UWP\Math_Magic.UWP.csproj", "{E38EE625-3ABA-49BF-9027-512E852004BE}"
EndProject
Project("{9A19103F-16F7-4668-BE54-9A1E7A4F7556}") = "Math_Magic", "Math_Magic\Math_Magic\Math_Magic.csproj", "{B438930B-6F12-4ACD-BB10-43F17519B508}"
EndProject
Global
	GlobalSection(SolutionConfigurationPlatforms) = preSolution
		Ad-Hoc|Any CPU = Ad-Hoc|Any CPU
		Ad-Hoc|ARM = Ad-Hoc|ARM
		Ad-Hoc|iPhone = Ad-Hoc|iPhone
		Ad-Hoc|iPhoneSimulator = Ad-Hoc|iPhoneSimulator
		Ad-Hoc|x64 = Ad-Hoc|x64
		Ad-Hoc|x86 = Ad-Hoc|x86
		AppStore|Any CPU = AppStore|Any CPU
		AppStore|ARM = AppStore|ARM
		AppStore|iPhone = AppStore|iPhone
		AppStore|iPhoneSimulator = AppStore|iPhoneSimulator
		AppStore|x64 = AppStore|x64
		AppStore|x86 = AppStore|x86
		Debug|Any CPU = Debug|Any CPU
		Debug|ARM = Debug|ARM
		Debug|iPhone = Debug|iPhone
		Debug|iPhoneSimulator = Debug|iPhoneSimulator
		Debug|x64 = Debug|x64
		Debug|x86 = Debug|x86
		Release|Any CPU = Release|Any CPU
		Release|ARM = Release|ARM
		Release|iPhone = Release|iPhone
		Release|iPhoneSimulator = Release|iPhoneSimulator
		Release|x64 = Release|x64
		Release|x86 = Release|x86
	EndGlobalSection
	GlobalSection(ProjectConfigurationPlatforms) = postSolution
		{C0F05728-2D3E-45E0-82A6-47940D8DE4B3}.Ad-Hoc|Any CPU.ActiveCfg = Release|Any CPU
		{C0F05728-2D3E-45E0-82A6-47940D8DE4B3}.Ad-Hoc|Any CPU.Build.0 = Release|Any CPU
		{C0F05728-2D3E-45E0-82A6-47940D8DE4B3}.Ad-Hoc|Any CPU.Deploy.0 = Release|Any CPU
		{C0F05728-2D3E-45E0-82A6-47940D8DE4B3}.Ad-Hoc|ARM.ActiveCfg = Release|Any CPU
		{C0F05728-2D3E-45E0-82A6-47940D8DE4B3}.Ad-Hoc|ARM.Build.0 = Release|Any CPU
		{C0F05728-2D3E-45E0-82A6-47940D8DE4B3}.Ad-Hoc|ARM.Deploy.0 = Release|Any CPU
		{C0F05728-2D3E-45E0-82A6-47940D8DE4B3}.Ad-Hoc|iPhone.ActiveCfg = Release|Any CPU
		{C0F05728-2D3E-45E0-82A6-47940D8DE4B3}.Ad-Hoc|iPhone.Build.0 = Release|Any CPU
		{C0F05728-2D3E-45E0-82A6-47940D8DE4B3}.Ad-Hoc|iPhone.Deploy.0 = Release|Any CPU
		{C0F05728-2D3E-45E0-82A6-47940D8DE4B3}.Ad-Hoc|iPhoneSimulator.ActiveCfg = Release|Any CPU
		{C0F05728-2D3E-45E0-82A6-47940D8DE4B3}.Ad-Hoc|iPhoneSimulator.Build.0 = Release|Any CPU
		{C0F05728-2D3E-45E0-82A6-47940D8DE4B3}.Ad-Hoc|iPhoneSimulator.Deploy.0 = Release|Any CPU
		{C0F05728-2D3E-45E0-82A6-47940D8DE4B3}.Ad-Hoc|x64.ActiveCfg = Release|Any CPU
		{C0F05728-2D3E-45E0-82A6-47940D8DE4B3}.Ad-Hoc|x64.Build.0 = Release|Any CPU
		{C0F05728-2D3E-45E0-82A6-47940D8DE4B3}.Ad-Hoc|x64.Deploy.0 = Release|Any CPU
		{C0F05728-2D3E-45E0-82A6-47940D8DE4B3}.Ad-Hoc|x86.ActiveCfg = Release|Any CPU
		{C0F05728-2D3E-45E0-82A6-47940D8DE4B3}.Ad-Hoc|x86.Build.0 = Release|Any CPU
		{C0F05728-2D3E-45E0-82A6-47940D8DE4B3}.Ad-Hoc|x86.Deploy.0 = Release|Any CPU
		{C0F05728-2D3E-45E0-82A6-47940D8DE4B3}.AppStore|Any CPU.ActiveCfg = Release|Any CPU
		{C0F05728-2D3E-45E0-82A6-47940D8DE4B3}.AppStore|Any CPU.Build.0 = Release|Any CPU
		{C0F05728-2D3E-45E0-82A6-47940D8DE4B3}.AppStore|Any CPU.Deploy.0 = Release|Any CPU
		{C0F05728-2D3E-45E0-82A6-47940D8DE4B3}.AppStore|ARM.ActiveCfg = Release|Any CPU
		{C0F05728-2D3E-45E0-82A6-47940D8DE4B3}.AppStore|ARM.Build.0 = Release|Any CPU
		{C0F05728-2D3E-45E0-82A6-47940D8DE4B3}.AppStore|ARM.Deploy.0 = Release|Any CPU
		{C0F05728-2D3E-45E0-82A6-47940D8DE4B3}.AppStore|iPhone.ActiveCfg = Release|Any CPU
		{C0F05728-2D3E-45E0-82A6-47940D8DE4B3}.AppStore|iPhone.Build.0 = Release|Any CPU
		{C0F05728-2D3E-45E0-82A6-47940D8DE4B3}.AppStore|iPhone.Deploy.0 = Release|Any CPU
		{C0F05728-2D3E-45E0-82A6-47940D8DE4B3}.AppStore|iPhoneSimulator.ActiveCfg = Release|Any CPU
		{C0F05728-2D3E-45E0-82A6-47940D8DE4B3}.AppStore|iPhoneSimulator.Build.0 = Release|Any CPU
		{C0F05728-2D3E-45E0-82A6-47940D8DE4B3}.AppStore|iPhoneSimulator.Deploy.0 = Release|Any CPU
		{C0F05728-2D3E-45E0-82A6-47940D8DE4B3}.AppStore|x64.ActiveCfg = Release|Any CPU
		{C0F05728-2D3E-45E0-82A6-47940D8DE4B3}.AppStore|x64.Build.0 = Release|Any CPU
		{C0F05728-2D3E-45E0-82A6-47940D8DE4B3}.AppStore|x64.Deploy.0 = Release|Any CPU
		{C0F05728-2D3E-45E0-82A6-47940D8DE4B3}.AppStore|x86.ActiveCfg = Release|Any CPU
		{C0F05728-2D3E-45E0-82A6-47940D8DE4B3}.AppStore|x86.Build.0 = Release|Any CPU
		{C0F05728-2D3E-45E0-82A6-47940D8DE4B3}.AppStore|x86.Deploy.0 = Release|Any CPU
		{C0F05728-2D3E-45E0-82A6-47940D8DE4B3}.Debug|Any CPU.ActiveCfg = Debug|Any CPU
		{C0F05728-2D3E-45E0-82A6-47940D8DE4B3}.Debug|Any CPU.Build.0 = Debug|Any CPU
		{C0F05728-2D3E-45E0-82A6-47940D8DE4B3}.Debug|Any CPU.Deploy.0 = Debug|Any CPU
		{C0F05728-2D3E-45E0-82A6-47940D8DE4B3}.Debug|ARM.ActiveCfg = Debug|Any CPU
		{C0F05728-2D3E-45E0-82A6-47940D8DE4B3}.Debug|ARM.Build.0 = Debug|Any CPU
		{C0F05728-2D3E-45E0-82A6-47940D8DE4B3}.Debug|ARM.Deploy.0 = Debug|Any CPU
		{C0F05728-2D3E-45E0-82A6-47940D8DE4B3}.Debug|iPhone.ActiveCfg = Debug|Any CPU
		{C0F05728-2D3E-45E0-82A6-47940D8DE4B3}.Debug|iPhone.Build.0 = Debug|Any CPU
		{C0F05728-2D3E-45E0-82A6-47940D8DE4B3}.Debug|iPhone.Deploy.0 = Debug|Any CPU
		{C0F05728-2D3E-45E0-82A6-47940D8DE4B3}.Debug|iPhoneSimulator.ActiveCfg = Debug|Any CPU
		{C0F05728-2D3E-45E0-82A6-47940D8DE4B3}.Debug|iPhoneSimulator.Build.0 = Debug|Any CPU
		{C0F05728-2D3E-45E0-82A6-47940D8DE4B3}.Debug|iPhoneSimulator.Deploy.0 = Debug|Any CPU
		{C0F05728-2D3E-45E0-82A6-47940D8DE4B3}.Debug|x64.ActiveCfg = Debug|Any CPU
		{C0F05728-2D3E-45E0-82A6-47940D8DE4B3}.Debug|x64.Build.0 = Debug|Any CPU
		{C0F05728-2D3E-45E0-82A6-47940D8DE4B3}.Debug|x64.Deploy.0 = Debug|Any CPU
		{C0F05728-2D3E-45E0-82A6-47940D8DE4B3}.Debug|x86.ActiveCfg = Debug|Any CPU
		{C0F05728-2D3E-45E0-82A6-47940D8DE4B3}.Debug|x86.Build.0 = Debug|Any CPU
		{C0F05728-2D3E-45E0-82A6-47940D8DE4B3}.Debug|x86.Deploy.0 = Debug|Any CPU
		{C0F05728-2D3E-45E0-82A6-47940D8DE4B3}.Release|Any CPU.ActiveCfg = Release|Any CPU
		{C0F05728-2D3E-45E0-82A6-47940D8DE4B3}.Release|Any CPU.Build.0 = Release|Any CPU
		{C0F05728-2D3E-45E0-82A6-47940D8DE4B3}.Release|Any CPU.Deploy.0 = Release|Any CPU
		{C0F05728-2D3E-45E0-82A6-47940D8DE4B3}.Release|ARM.ActiveCfg = Release|Any CPU
		{C0F05728-2D3E-45E0-82A6-47940D8DE4B3}.Release|ARM.Build.0 = Release|Any CPU
		{C0F05728-2D3E-45E0-82A6-47940D8DE4B3}.Release|ARM.Deploy.0 = Release|Any CPU
		{C0F05728-2D3E-45E0-82A6-47940D8DE4B3}.Release|iPhone.ActiveCfg = Release|Any CPU
		{C0F05728-2D3E-45E0-82A6-47940D8DE4B3}.Release|iPhone.Build.0 = Release|Any CPU
		{C0F05728-2D3E-45E0-82A6-47940D8DE4B3}.Release|iPhone.Deploy.0 = Release|Any CPU
		{C0F05728-2D3E-45E0-82A6-47940D8DE4B3}.Release|iPhoneSimulator.ActiveCfg = Release|Any CPU
		{C0F05728-2D3E-45E0-82A6-47940D8DE4B3}.Release|iPhoneSimulator.Build.0 = Release|Any CPU
		{C0F05728-2D3E-45E0-82A6-47940D8DE4B3}.Release|iPhoneSimulator.Deploy.0 = Release|Any CPU
		{C0F05728-2D3E-45E0-82A6-47940D8DE4B3}.Release|x64.ActiveCfg = Release|Any CPU
		{C0F05728-2D3E-45E0-82A6-47940D8DE4B3}.Release|x64.Build.0 = Release|Any CPU
		{C0F05728-2D3E-45E0-82A6-47940D8DE4B3}.Release|x64.Deploy.0 = Release|Any CPU
		{C0F05728-2D3E-45E0-82A6-47940D8DE4B3}.Release|x86.ActiveCfg = Release|Any CPU
		{C0F05728-2D3E-45E0-82A6-47940D8DE4B3}.Release|x86.Build.0 = Release|Any CPU
		{C0F05728-2D3E-45E0-82A6-47940D8DE4B3}.Release|x86.Deploy.0 = Release|Any CPU
		{F747F4B4-DF52-4006-8CD8-6AB7CDAA55FD}.Ad-Hoc|Any CPU.ActiveCfg = Ad-Hoc|iPhone
		{F747F4B4-DF52-4006-8CD8-6AB7CDAA55FD}.Ad-Hoc|Any CPU.Build.0 = Ad-Hoc|iPhone
		{F747F4B4-DF52-4006-8CD8-6AB7CDAA55FD}.Ad-Hoc|Any CPU.Deploy.0 = Ad-Hoc|iPhone
		{F747F4B4-DF52-4006-8CD8-6AB7CDAA55FD}.Ad-Hoc|ARM.ActiveCfg = Ad-Hoc|iPhone
		{F747F4B4-DF52-4006-8CD8-6AB7CDAA55FD}.Ad-Hoc|ARM.Build.0 = Ad-Hoc|iPhone
		{F747F4B4-DF52-4006-8CD8-6AB7CDAA55FD}.Ad-Hoc|ARM.Deploy.0 = Ad-Hoc|iPhone
		{F747F4B4-DF52-4006-8CD8-6AB7CDAA55FD}.Ad-Hoc|iPhone.ActiveCfg = Ad-Hoc|iPhone
		{F747F4B4-DF52-4006-8CD8-6AB7CDAA55FD}.Ad-Hoc|iPhone.Build.0 = Ad-Hoc|iPhone
		{F747F4B4-DF52-4006-8CD8-6AB7CDAA55FD}.Ad-Hoc|iPhone.Deploy.0 = Ad-Hoc|iPhone
		{F747F4B4-DF52-4006-8CD8-6AB7CDAA55FD}.Ad-Hoc|iPhoneSimulator.ActiveCfg = Ad-Hoc|iPhoneSimulator
		{F747F4B4-DF52-4006-8CD8-6AB7CDAA55FD}.Ad-Hoc|iPhoneSimulator.Build.0 = Ad-Hoc|iPhoneSimulator
		{F747F4B4-DF52-4006-8CD8-6AB7CDAA55FD}.Ad-Hoc|iPhoneSimulator.Deploy.0 = Ad-Hoc|iPhoneSimulator
		{F747F4B4-DF52-4006-8CD8-6AB7CDAA55FD}.Ad-Hoc|x64.ActiveCfg = Ad-Hoc|iPhone
		{F747F4B4-DF52-4006-8CD8-6AB7CDAA55FD}.Ad-Hoc|x64.Build.0 = Ad-Hoc|iPhone
		{F747F4B4-DF52-4006-8CD8-6AB7CDAA55FD}.Ad-Hoc|x64.Deploy.0 = Ad-Hoc|iPhone
		{F747F4B4-DF52-4006-8CD8-6AB7CDAA55FD}.Ad-Hoc|x86.ActiveCfg = Ad-Hoc|iPhone
		{F747F4B4-DF52-4006-8CD8-6AB7CDAA55FD}.Ad-Hoc|x86.Build.0 = Ad-Hoc|iPhone
		{F747F4B4-DF52-4006-8CD8-6AB7CDAA55FD}.Ad-Hoc|x86.Deploy.0 = Ad-Hoc|iPhone
		{F747F4B4-DF52-4006-8CD8-6AB7CDAA55FD}.AppStore|Any CPU.ActiveCfg = AppStore|iPhone
		{F747F4B4-DF52-4006-8CD8-6AB7CDAA55FD}.AppStore|Any CPU.Build.0 = AppStore|iPhone
		{F747F4B4-DF52-4006-8CD8-6AB7CDAA55FD}.AppStore|Any CPU.Deploy.0 = AppStore|iPhone
		{F747F4B4-DF52-4006-8CD8-6AB7CDAA55FD}.AppStore|ARM.ActiveCfg = AppStore|iPhone
		{F747F4B4-DF52-4006-8CD8-6AB7CDAA55FD}.AppStore|ARM.Build.0 = AppStore|iPhone
		{F747F4B4-DF52-4006-8CD8-6AB7CDAA55FD}.AppStore|ARM.Deploy.0 = AppStore|iPhone
		{F747F4B4-DF52-4006-8CD8-6AB7CDAA55FD}.AppStore|iPhone.ActiveCfg = AppStore|iPhone
		{F747F4B4-DF52-4006-8CD8-6AB7CDAA55FD}.AppStore|iPhone.Build.0 = AppStore|iPhone
		{F747F4B4-DF52-4006-8CD8-6AB7CDAA55FD}.AppStore|iPhone.Deploy.0 = AppStore|iPhone
		{F747F4B4-DF52-4006-8CD8-6AB7CDAA55FD}.AppStore|iPhoneSimulator.ActiveCfg = AppStore|iPhoneSimulator
		{F747F4B4-DF52-4006-8CD8-6AB7CDAA55FD}.AppStore|iPhoneSimulator.Build.0 = AppStore|iPhoneSimulator
		{F747F4B4-DF52-4006-8CD8-6AB7CDAA55FD}.AppStore|iPhoneSimulator.Deploy.0 = AppStore|iPhoneSimulator
		{F747F4B4-DF52-4006-8CD8-6AB7CDAA55FD}.AppStore|x64.ActiveCfg = AppStore|iPhone
		{F747F4B4-DF52-4006-8CD8-6AB7CDAA55FD}.AppStore|x64.Build.0 = AppStore|iPhone
		{F747F4B4-DF52-4006-8CD8-6AB7CDAA55FD}.AppStore|x64.Deploy.0 = AppStore|iPhone
		{F747F4B4-DF52-4006-8CD8-6AB7CDAA55FD}.AppStore|x86.ActiveCfg = AppStore|iPhone
		{F747F4B4-DF52-4006-8CD8-6AB7CDAA55FD}.AppStore|x86.Build.0 = AppStore|iPhone
		{F747F4B4-DF52-4006-8CD8-6AB7CDAA55FD}.AppStore|x86.Deploy.0 = AppStore|iPhone
		{F747F4B4-DF52-4006-8CD8-6AB7CDAA55FD}.Debug|Any CPU.ActiveCfg = Debug|iPhoneSimulator
		{F747F4B4-DF52-4006-8CD8-6AB7CDAA55FD}.Debug|Any CPU.Build.0 = Debug|iPhoneSimulator
		{F747F4B4-DF52-4006-8CD8-6AB7CDAA55FD}.Debug|Any CPU.Deploy.0 = Debug|iPhoneSimulator
		{F747F4B4-DF52-4006-8CD8-6AB7CDAA55FD}.Debug|ARM.ActiveCfg = Debug|iPhone
		{F747F4B4-DF52-4006-8CD8-6AB7CDAA55FD}.Debug|ARM.Build.0 = Debug|iPhone
		{F747F4B4-DF52-4006-8CD8-6AB7CDAA55FD}.Debug|ARM.Deploy.0 = Debug|iPhone
		{F747F4B4-DF52-4006-8CD8-6AB7CDAA55FD}.Debug|iPhone.ActiveCfg = Debug|iPhone
		{F747F4B4-DF52-4006-8CD8-6AB7CDAA55FD}.Debug|iPhone.Build.0 = Debug|iPhone
		{F747F4B4-DF52-4006-8CD8-6AB7CDAA55FD}.Debug|iPhone.Deploy.0 = Debug|iPhone
		{F747F4B4-DF52-4006-8CD8-6AB7CDAA55FD}.Debug|iPhoneSimulator.ActiveCfg = Debug|iPhoneSimulator
		{F747F4B4-DF52-4006-8CD8-6AB7CDAA55FD}.Debug|iPhoneSimulator.Build.0 = Debug|iPhoneSimulator
		{F747F4B4-DF52-4006-8CD8-6AB7CDAA55FD}.Debug|iPhoneSimulator.Deploy.0 = Debug|iPhoneSimulator
		{F747F4B4-DF52-4006-8CD8-6AB7CDAA55FD}.Debug|x64.ActiveCfg = Debug|iPhone
		{F747F4B4-DF52-4006-8CD8-6AB7CDAA55FD}.Debug|x64.Build.0 = Debug|iPhone
		{F747F4B4-DF52-4006-8CD8-6AB7CDAA55FD}.Debug|x64.Deploy.0 = Debug|iPhone
		{F747F4B4-DF52-4006-8CD8-6AB7CDAA55FD}.Debug|x86.ActiveCfg = Debug|iPhone
		{F747F4B4-DF52-4006-8CD8-6AB7CDAA55FD}.Debug|x86.Build.0 = Debug|iPhone
		{F747F4B4-DF52-4006-8CD8-6AB7CDAA55FD}.Debug|x86.Deploy.0 = Debug|iPhone
		{F747F4B4-DF52-4006-8CD8-6AB7CDAA55FD}.Release|Any CPU.ActiveCfg = Release|iPhone
		{F747F4B4-DF52-4006-8CD8-6AB7CDAA55FD}.Release|Any CPU.Build.0 = Release|iPhone
		{F747F4B4-DF52-4006-8CD8-6AB7CDAA55FD}.Release|Any CPU.Deploy.0 = Release|iPhone
		{F747F4B4-DF52-4006-8CD8-6AB7CDAA55FD}.Release|ARM.ActiveCfg = Release|iPhone
		{F747F4B4-DF52-4006-8CD8-6AB7CDAA55FD}.Release|ARM.Build.0 = Release|iPhone
		{F747F4B4-DF52-4006-8CD8-6AB7CDAA55FD}.Release|ARM.Deploy.0 = Release|iPhone
		{F747F4B4-DF52-4006-8CD8-6AB7CDAA55FD}.Release|iPhone.ActiveCfg = Release|iPhone
		{F747F4B4-DF52-4006-8CD8-6AB7CDAA55FD}.Release|iPhone.Build.0 = Release|iPhone
		{F747F4B4-DF52-4006-8CD8-6AB7CDAA55FD}.Release|iPhone.Deploy.0 = Release|iPhone
		{F747F4B4-DF52-4006-8CD8-6AB7CDAA55FD}.Release|iPhoneSimulator.ActiveCfg = Release|iPhoneSimulator
		{F747F4B4-DF52-4006-8CD8-6AB7CDAA55FD}.Release|iPhoneSimulator.Build.0 = Release|iPhoneSimulator
		{F747F4B4-DF52-4006-8CD8-6AB7CDAA55FD}.Release|iPhoneSimulator.Deploy.0 = Release|iPhoneSimulator
		{F747F4B4-DF52-4006-8CD8-6AB7CDAA55FD}.Release|x64.ActiveCfg = Release|iPhone
		{F747F4B4-DF52-4006-8CD8-6AB7CDAA55FD}.Release|x64.Build.0 = Release|iPhone
		{F747F4B4-DF52-4006-8CD8-6AB7CDAA55FD}.Release|x64.Deploy.0 = Release|iPhone
		{F747F4B4-DF52-4006-8CD8-6AB7CDAA55FD}.Release|x86.ActiveCfg = Release|iPhone
		{F747F4B4-DF52-4006-8CD8-6AB7CDAA55FD}.Release|x86.Build.0 = Release|iPhone
		{F747F4B4-DF52-4006-8CD8-6AB7CDAA55FD}.Release|x86.Deploy.0 = Release|iPhone
		{E38EE625-3ABA-49BF-9027-512E852004BE}.Ad-Hoc|Any CPU.ActiveCfg = Release|x86
		{E38EE625-3ABA-49BF-9027-512E852004BE}.Ad-Hoc|Any CPU.Build.0 = Release|x86
		{E38EE625-3ABA-49BF-9027-512E852004BE}.Ad-Hoc|Any CPU.Deploy.0 = Release|x86
		{E38EE625-3ABA-49BF-9027-512E852004BE}.Ad-Hoc|ARM.ActiveCfg = Release|ARM
		{E38EE625-3ABA-49BF-9027-512E852004BE}.Ad-Hoc|ARM.Build.0 = Release|ARM
		{E38EE625-3ABA-49BF-9027-512E852004BE}.Ad-Hoc|ARM.Deploy.0 = Release|ARM
		{E38EE625-3ABA-49BF-9027-512E852004BE}.Ad-Hoc|iPhone.ActiveCfg = Release|x86
		{E38EE625-3ABA-49BF-9027-512E852004BE}.Ad-Hoc|iPhone.Build.0 = Release|x86
		{E38EE625-3ABA-49BF-9027-512E852004BE}.Ad-Hoc|iPhone.Deploy.0 = Release|x86
		{E38EE625-3ABA-49BF-9027-512E852004BE}.Ad-Hoc|iPhoneSimulator.ActiveCfg = Release|x86
		{E38EE625-3ABA-49BF-9027-512E852004BE}.Ad-Hoc|iPhoneSimulator.Build.0 = Release|x86
		{E38EE625-3ABA-49BF-9027-512E852004BE}.Ad-Hoc|iPhoneSimulator.Deploy.0 = Release|x86
		{E38EE625-3ABA-49BF-9027-512E852004BE}.Ad-Hoc|x64.ActiveCfg = Release|x64
		{E38EE625-3ABA-49BF-9027-512E852004BE}.Ad-Hoc|x64.Build.0 = Release|x64
		{E38EE625-3ABA-49BF-9027-512E852004BE}.Ad-Hoc|x64.Deploy.0 = Release|x64
		{E38EE625-3ABA-49BF-9027-512E852004BE}.Ad-Hoc|x86.ActiveCfg = Release|x86
		{E38EE625-3ABA-49BF-9027-512E852004BE}.Ad-Hoc|x86.Build.0 = Release|x86
		{E38EE625-3ABA-49BF-9027-512E852004BE}.Ad-Hoc|x86.Deploy.0 = Release|x86
		{E38EE625-3ABA-49BF-9027-512E852004BE}.AppStore|Any CPU.ActiveCfg = Release|x86
		{E38EE625-3ABA-49BF-9027-512E852004BE}.AppStore|Any CPU.Build.0 = Release|x86
		{E38EE625-3ABA-49BF-9027-512E852004BE}.AppStore|Any CPU.Deploy.0 = Release|x86
		{E38EE625-3ABA-49BF-9027-512E852004BE}.AppStore|ARM.ActiveCfg = Release|ARM
		{E38EE625-3ABA-49BF-9027-512E852004BE}.AppStore|ARM.Build.0 = Release|ARM
		{E38EE625-3ABA-49BF-9027-512E852004BE}.AppStore|ARM.Deploy.0 = Release|ARM
		{E38EE625-3ABA-49BF-9027-512E852004BE}.AppStore|iPhone.ActiveCfg = Release|x86
		{E38EE625-3ABA-49BF-9027-512E852004BE}.AppStore|iPhone.Build.0 = Release|x86
		{E38EE625-3ABA-49BF-9027-512E852004BE}.AppStore|iPhone.Deploy.0 = Release|x86
		{E38EE625-3ABA-49BF-9027-512E852004BE}.AppStore|iPhoneSimulator.ActiveCfg = Release|x86
		{E38EE625-3ABA-49BF-9027-512E852004BE}.AppStore|iPhoneSimulator.Build.0 = Release|x86
		{E38EE625-3ABA-49BF-9027-512E852004BE}.AppStore|iPhoneSimulator.Deploy.0 = Release|x86
		{E38EE625-3ABA-49BF-9027-512E852004BE}.AppStore|x64.ActiveCfg = Release|x64
		{E38EE625-3ABA-49BF-9027-512E852004BE}.AppStore|x64.Build.0 = Release|x64
		{E38EE625-3ABA-49BF-9027-512E852004BE}.AppStore|x64.Deploy.0 = Release|x64
		{E38EE625-3ABA-49BF-9027-512E852004BE}.AppStore|x86.ActiveCfg = Release|x86
		{E38EE625-3ABA-49BF-9027-512E852004BE}.AppStore|x86.Build.0 = Release|x86
		{E38EE625-3ABA-49BF-9027-512E852004BE}.AppStore|x86.Deploy.0 = Release|x86
		{E38EE625-3ABA-49BF-9027-512E852004BE}.Debug|Any CPU.ActiveCfg = Debug|x86
		{E38EE625-3ABA-49BF-9027-512E852004BE}.Debug|Any CPU.Build.0 = Debug|x86
		{E38EE625-3ABA-49BF-9027-512E852004BE}.Debug|Any CPU.Deploy.0 = Debug|x86
		{E38EE625-3ABA-49BF-9027-512E852004BE}.Debug|ARM.ActiveCfg = Debug|ARM
		{E38EE625-3ABA-49BF-9027-512E852004BE}.Debug|ARM.Build.0 = Debug|ARM
		{E38EE625-3ABA-49BF-9027-512E852004BE}.Debug|ARM.Deploy.0 = Debug|ARM
		{E38EE625-3ABA-49BF-9027-512E852004BE}.Debug|iPhone.ActiveCfg = Debug|x86
		{E38EE625-3ABA-49BF-9027-512E852004BE}.Debug|iPhone.Build.0 = Debug|x86
		{E38EE625-3ABA-49BF-9027-512E852004BE}.Debug|iPhone.Deploy.0 = Debug|x86
		{E38EE625-3ABA-49BF-9027-512E852004BE}.Debug|iPhoneSimulator.ActiveCfg = Debug|x86
		{E38EE625-3ABA-49BF-9027-512E852004BE}.Debug|iPhoneSimulator.Build.0 = Debug|x86
		{E38EE625-3ABA-49BF-9027-512E852004BE}.Debug|iPhoneSimulator.Deploy.0 = Debug|x86
		{E38EE625-3ABA-49BF-9027-512E852004BE}.Debug|x64.ActiveCfg = Debug|x64
		{E38EE625-3ABA-49BF-9027-512E852004BE}.Debug|x64.Build.0 = Debug|x64
		{E38EE625-3ABA-49BF-9027-512E852004BE}.Debug|x64.Deploy.0 = Debug|x64
		{E38EE625-3ABA-49BF-9027-512E852004BE}.Debug|x86.ActiveCfg = Debug|x86
		{E38EE625-3ABA-49BF-9027-512E852004BE}.Debug|x86.Build.0 = Debug|x86
		{E38EE625-3ABA-49BF-9027-512E852004BE}.Debug|x86.Deploy.0 = Debug|x86
		{E38EE625-3ABA-49BF-9027-512E852004BE}.Release|Any CPU.ActiveCfg = Release|x86
		{E38EE625-3ABA-49BF-9027-512E852004BE}.Release|Any CPU.Build.0 = Release|x86
		{E38EE625-3ABA-49BF-9027-512E852004BE}.Release|Any CPU.Deploy.0 = Release|x86
		{E38EE625-3ABA-49BF-9027-512E852004BE}.Release|ARM.ActiveCfg = Release|ARM
		{E38EE625-3ABA-49BF-9027-512E852004BE}.Release|ARM.Build.0 = Release|ARM
		{E38EE625-3ABA-49BF-9027-512E852004BE}.Release|ARM.Deploy.0 = Release|ARM
		{E38EE625-3ABA-49BF-9027-512E852004BE}.Release|iPhone.ActiveCfg = Release|x86
		{E38EE625-3ABA-49BF-9027-512E852004BE}.Release|iPhone.Build.0 = Release|x86
		{E38EE625-3ABA-49BF-9027-512E852004BE}.Release|iPhone.Deploy.0 = Release|x86
		{E38EE625-3ABA-49BF-9027-512E852004BE}.Release|iPhoneSimulator.ActiveCfg = Release|x86
		{E38EE625-3ABA-49BF-9027-512E852004BE}.Release|iPhoneSimulator.Build.0 = Release|x86
		{E38EE625-3ABA-49BF-9027-512E852004BE}.Release|iPhoneSimulator.Deploy.0 = Release|x86
		{E38EE625-3ABA-49BF-9027-512E852004BE}.Release|x64.ActiveCfg = Release|x64
		{E38EE625-3ABA-49BF-9027-512E852004BE}.Release|x64.Build.0 = Release|x64
		{E38EE625-3ABA-49BF-9027-512E852004BE}.Release|x64.Deploy.0 = Release|x64
		{E38EE625-3ABA-49BF-9027-512E852004BE}.Release|x86.ActiveCfg = Release|x86
		{E38EE625-3ABA-49BF-9027-512E852004BE}.Release|x86.Build.0 = Release|x86
		{E38EE625-3ABA-49BF-9027-512E852004BE}.Release|x86.Deploy.0 = Release|x86
		{B438930B-6F12-4ACD-BB10-43F17519B508}.Ad-Hoc|Any CPU.ActiveCfg = Debug|Any CPU
		{B438930B-6F12-4ACD-BB10-43F17519B508}.Ad-Hoc|Any CPU.Build.0 = Debug|Any CPU
		{B438930B-6F12-4ACD-BB10-43F17519B508}.Ad-Hoc|Any CPU.Deploy.0 = Debug|Any CPU
		{B438930B-6F12-4ACD-BB10-43F17519B508}.Ad-Hoc|ARM.ActiveCfg = Debug|Any CPU
		{B438930B-6F12-4ACD-BB10-43F17519B508}.Ad-Hoc|ARM.Build.0 = Debug|Any CPU
		{B438930B-6F12-4ACD-BB10-43F17519B508}.Ad-Hoc|ARM.Deploy.0 = Debug|Any CPU
		{B438930B-6F12-4ACD-BB10-43F17519B508}.Ad-Hoc|iPhone.ActiveCfg = Debug|Any CPU
		{B438930B-6F12-4ACD-BB10-43F17519B508}.Ad-Hoc|iPhone.Build.0 = Debug|Any CPU
		{B438930B-6F12-4ACD-BB10-43F17519B508}.Ad-Hoc|iPhone.Deploy.0 = Debug|Any CPU
		{B438930B-6F12-4ACD-BB10-43F17519B508}.Ad-Hoc|iPhoneSimulator.ActiveCfg = Debug|Any CPU
		{B438930B-6F12-4ACD-BB10-43F17519B508}.Ad-Hoc|iPhoneSimulator.Build.0 = Debug|Any CPU
		{B438930B-6F12-4ACD-BB10-43F17519B508}.Ad-Hoc|iPhoneSimulator.Deploy.0 = Debug|Any CPU
		{B438930B-6F12-4ACD-BB10-43F17519B508}.Ad-Hoc|x64.ActiveCfg = Debug|Any CPU
		{B438930B-6F12-4ACD-BB10-43F17519B508}.Ad-Hoc|x64.Build.0 = Debug|Any CPU
		{B438930B-6F12-4ACD-BB10-43F17519B508}.Ad-Hoc|x64.Deploy.0 = Debug|Any CPU
		{B438930B-6F12-4ACD-BB10-43F17519B508}.Ad-Hoc|x86.ActiveCfg = Debug|Any CPU
		{B438930B-6F12-4ACD-BB10-43F17519B508}.Ad-Hoc|x86.Build.0 = Debug|Any CPU
		{B438930B-6F12-4ACD-BB10-43F17519B508}.Ad-Hoc|x86.Deploy.0 = Debug|Any CPU
		{B438930B-6F12-4ACD-BB10-43F17519B508}.AppStore|Any CPU.ActiveCfg = Debug|Any CPU
		{B438930B-6F12-4ACD-BB10-43F17519B508}.AppStore|Any CPU.Build.0 = Debug|Any CPU
		{B438930B-6F12-4ACD-BB10-43F17519B508}.AppStore|Any CPU.Deploy.0 = Debug|Any CPU
		{B438930B-6F12-4ACD-BB10-43F17519B508}.AppStore|ARM.ActiveCfg = Debug|Any CPU
		{B438930B-6F12-4ACD-BB10-43F17519B508}.AppStore|ARM.Build.0 = Debug|Any CPU
		{B438930B-6F12-4ACD-BB10-43F17519B508}.AppStore|ARM.Deploy.0 = Debug|Any CPU
		{B438930B-6F12-4ACD-BB10-43F17519B508}.AppStore|iPhone.ActiveCfg = Debug|Any CPU
		{B438930B-6F12-4ACD-BB10-43F17519B508}.AppStore|iPhone.Build.0 = Debug|Any CPU
		{B438930B-6F12-4ACD-BB10-43F17519B508}.AppStore|iPhone.Deploy.0 = Debug|Any CPU
		{B438930B-6F12-4ACD-BB10-43F17519B508}.AppStore|iPhoneSimulator.ActiveCfg = Debug|Any CPU
		{B438930B-6F12-4ACD-BB10-43F17519B508}.AppStore|iPhoneSimulator.Build.0 = Debug|Any CPU
		{B438930B-6F12-4ACD-BB10-43F17519B508}.AppStore|iPhoneSimulator.Deploy.0 = Debug|Any CPU
		{B438930B-6F12-4ACD-BB10-43F17519B508}.AppStore|x64.ActiveCfg = Debug|Any CPU
		{B438930B-6F12-4ACD-BB10-43F17519B508}.AppStore|x64.Build.0 = Debug|Any CPU
		{B438930B-6F12-4ACD-BB10-43F17519B508}.AppStore|x64.Deploy.0 = Debug|Any CPU
		{B438930B-6F12-4ACD-BB10-43F17519B508}.AppStore|x86.ActiveCfg = Debug|Any CPU
		{B438930B-6F12-4ACD-BB10-43F17519B508}.AppStore|x86.Build.0 = Debug|Any CPU
		{B438930B-6F12-4ACD-BB10-43F17519B508}.AppStore|x86.Deploy.0 = Debug|Any CPU
		{B438930B-6F12-4ACD-BB10-43F17519B508}.Debug|Any CPU.ActiveCfg = Debug|Any CPU
		{B438930B-6F12-4ACD-BB10-43F17519B508}.Debug|Any CPU.Build.0 = Debug|Any CPU
		{B438930B-6F12-4ACD-BB10-43F17519B508}.Debug|Any CPU.Deploy.0 = Debug|Any CPU
		{B438930B-6F12-4ACD-BB10-43F17519B508}.Debug|ARM.ActiveCfg = Debug|Any CPU
		{B438930B-6F12-4ACD-BB10-43F17519B508}.Debug|ARM.Build.0 = Debug|Any CPU
		{B438930B-6F12-4ACD-BB10-43F17519B508}.Debug|ARM.Deploy.0 = Debug|Any CPU
		{B438930B-6F12-4ACD-BB10-43F17519B508}.Debug|iPhone.ActiveCfg = Debug|Any CPU
		{B438930B-6F12-4ACD-BB10-43F17519B508}.Debug|iPhone.Build.0 = Debug|Any CPU
		{B438930B-6F12-4ACD-BB10-43F17519B508}.Debug|iPhone.Deploy.0 = Debug|Any CPU
		{B438930B-6F12-4ACD-BB10-43F17519B508}.Debug|iPhoneSimulator.ActiveCfg = Debug|Any CPU
		{B438930B-6F12-4ACD-BB10-43F17519B508}.Debug|iPhoneSimulator.Build.0 = Debug|Any CPU
		{B438930B-6F12-4ACD-BB10-43F17519B508}.Debug|iPhoneSimulator.Deploy.0 = Debug|Any CPU
		{B438930B-6F12-4ACD-BB10-43F17519B508}.Debug|x64.ActiveCfg = Debug|Any CPU
		{B438930B-6F12-4ACD-BB10-43F17519B508}.Debug|x64.Build.0 = Debug|Any CPU
		{B438930B-6F12-4ACD-BB10-43F17519B508}.Debug|x64.Deploy.0 = Debug|Any CPU
		{B438930B-6F12-4ACD-BB10-43F17519B508}.Debug|x86.ActiveCfg = Debug|Any CPU
		{B438930B-6F12-4ACD-BB10-43F17519B508}.Debug|x86.Build.0 = Debug|Any CPU
		{B438930B-6F12-4ACD-BB10-43F17519B508}.Debug|x86.Deploy.0 = Debug|Any CPU
		{B438930B-6F12-4ACD-BB10-43F17519B508}.Release|Any CPU.ActiveCfg = Release|Any CPU
		{B438930B-6F12-4ACD-BB10-43F17519B508}.Release|Any CPU.Build.0 = Release|Any CPU
		{B438930B-6F12-4ACD-BB10-43F17519B508}.Release|Any CPU.Deploy.0 = Release|Any CPU
		{B438930B-6F12-4ACD-BB10-43F17519B508}.Release|ARM.ActiveCfg = Release|Any CPU
		{B438930B-6F12-4ACD-BB10-43F17519B508}.Release|ARM.Build.0 = Release|Any CPU
		{B438930B-6F12-4ACD-BB10-43F17519B508}.Release|ARM.Deploy.0 = Release|Any CPU
		{B438930B-6F12-4ACD-BB10-43F17519B508}.Release|iPhone.ActiveCfg = Release|Any CPU
		{B438930B-6F12-4ACD-BB10-43F17519B508}.Release|iPhone.Build.0 = Release|Any CPU
		{B438930B-6F12-4ACD-BB10-43F17519B508}.Release|iPhone.Deploy.0 = Release|Any CPU
		{B438930B-6F12-4ACD-BB10-43F17519B508}.Release|iPhoneSimulator.ActiveCfg = Release|Any CPU
		{B438930B-6F12-4ACD-BB10-43F17519B508}.Release|iPhoneSimulator.Build.0 = Release|Any CPU
		{B438930B-6F12-4ACD-BB10-43F17519B508}.Release|iPhoneSimulator.Deploy.0 = Release|Any CPU
		{B438930B-6F12-4ACD-BB10-43F17519B508}.Release|x64.ActiveCfg = Release|Any CPU
		{B438930B-6F12-4ACD-BB10-43F17519B508}.Release|x64.Build.0 = Release|Any CPU
		{B438930B-6F12-4ACD-BB10-43F17519B508}.Release|x64.Deploy.0 = Release|Any CPU
		{B438930B-6F12-4ACD-BB10-43F17519B508}.Release|x86.ActiveCfg = Release|Any CPU
		{B438930B-6F12-4ACD-BB10-43F17519B508}.Release|x86.Build.0 = Release|Any CPU
		{B438930B-6F12-4ACD-BB10-43F17519B508}.Release|x86.Deploy.0 = Release|Any CPU
	EndGlobalSection
	GlobalSection(SolutionProperties) = preSolution
		HideSolutionNode = FALSE
	EndGlobalSection
	GlobalSection(ExtensibilityGlobals) = postSolution
		SolutionGuid = {8DE5FAB1-2F70-4852-8000-572BEA329FDC}
	EndGlobalSection
EndGlobal
