
Microsoft Visual Studio Solution File, Format Version 12.00
# Visual Studio 15
VisualStudioVersion = 15.0.28010.2036
MinimumVisualStudioVersion = 10.0.40219.1
Project("{FAE04EC0-301F-11D3-BF4B-00C04F79EFBC}") = "MathMagic.Android", "MathMagic\MathMagic.Android\MathMagic.Android.csproj", "{A7558BA5-1B26-47B9-ADB2-DF9B8FD14485}"
EndProject
Project("{FAE04EC0-301F-11D3-BF4B-00C04F79EFBC}") = "MathMagic.iOS", "MathMagic\MathMagic.iOS\MathMagic.iOS.csproj", "{C7AA03E9-6127-425E-8E39-3F63425D4073}"
EndProject
Project("{FAE04EC0-301F-11D3-BF4B-00C04F79EFBC}") = "MathMagic.UWP", "MathMagic\MathMagic.UWP\MathMagic.UWP.csproj", "{37640030-CCDF-464E-AF9F-7B295C7CBE04}"
EndProject
Project("{FAE04EC0-301F-11D3-BF4B-00C04F79EFBC}") = "MathMagic", "MathMagic\MathMagic\MathMagic.csproj", "{7A96A0CC-7AC4-4EE7-B069-7E814D0D9650}"
EndProject
Global
	GlobalSection(SolutionConfigurationPlatforms) = preSolution
		Ad-Hoc|Any CPU = Ad-Hoc|Any CPU
		Ad-Hoc|ARM = Ad-Hoc|ARM
		Ad-Hoc|iPhone = Ad-Hoc|iPhone
		Ad-Hoc|iPhoneSimulator = Ad-Hoc|iPhoneSimulator
		Ad-Hoc|x64 = Ad-Hoc|x64
		Ad-Hoc|x86 = Ad-Hoc|x86
		AppStore|Any CPU = AppStore|Any CPU
		AppStore|ARM = AppStore|ARM
		AppStore|iPhone = AppStore|iPhone
		AppStore|iPhoneSimulator = AppStore|iPhoneSimulator
		AppStore|x64 = AppStore|x64
		AppStore|x86 = AppStore|x86
		Debug|Any CPU = Debug|Any CPU
		Debug|ARM = Debug|ARM
		Debug|iPhone = Debug|iPhone
		Debug|iPhoneSimulator = Debug|iPhoneSimulator
		Debug|x64 = Debug|x64
		Debug|x86 = Debug|x86
		Release|Any CPU = Release|Any CPU
		Release|ARM = Release|ARM
		Release|iPhone = Release|iPhone
		Release|iPhoneSimulator = Release|iPhoneSimulator
		Release|x64 = Release|x64
		Release|x86 = Release|x86
	EndGlobalSection
	GlobalSection(ProjectConfigurationPlatforms) = postSolution
		{A7558BA5-1B26-47B9-ADB2-DF9B8FD14485}.Ad-Hoc|Any CPU.ActiveCfg = Release|Any CPU
		{A7558BA5-1B26-47B9-ADB2-DF9B8FD14485}.Ad-Hoc|Any CPU.Build.0 = Release|Any CPU
		{A7558BA5-1B26-47B9-ADB2-DF9B8FD14485}.Ad-Hoc|Any CPU.Deploy.0 = Release|Any CPU
		{A7558BA5-1B26-47B9-ADB2-DF9B8FD14485}.Ad-Hoc|ARM.ActiveCfg = Release|Any CPU
		{A7558BA5-1B26-47B9-ADB2-DF9B8FD14485}.Ad-Hoc|ARM.Build.0 = Release|Any CPU
		{A7558BA5-1B26-47B9-ADB2-DF9B8FD14485}.Ad-Hoc|ARM.Deploy.0 = Release|Any CPU
		{A7558BA5-1B26-47B9-ADB2-DF9B8FD14485}.Ad-Hoc|iPhone.ActiveCfg = Release|Any CPU
		{A7558BA5-1B26-47B9-ADB2-DF9B8FD14485}.Ad-Hoc|iPhone.Build.0 = Release|Any CPU
		{A7558BA5-1B26-47B9-ADB2-DF9B8FD14485}.Ad-Hoc|iPhone.Deploy.0 = Release|Any CPU
		{A7558BA5-1B26-47B9-ADB2-DF9B8FD14485}.Ad-Hoc|iPhoneSimulator.ActiveCfg = Release|Any CPU
		{A7558BA5-1B26-47B9-ADB2-DF9B8FD14485}.Ad-Hoc|iPhoneSimulator.Build.0 = Release|Any CPU
		{A7558BA5-1B26-47B9-ADB2-DF9B8FD14485}.Ad-Hoc|iPhoneSimulator.Deploy.0 = Release|Any CPU
		{A7558BA5-1B26-47B9-ADB2-DF9B8FD14485}.Ad-Hoc|x64.ActiveCfg = Release|Any CPU
		{A7558BA5-1B26-47B9-ADB2-DF9B8FD14485}.Ad-Hoc|x64.Build.0 = Release|Any CPU
		{A7558BA5-1B26-47B9-ADB2-DF9B8FD14485}.Ad-Hoc|x64.Deploy.0 = Release|Any CPU
		{A7558BA5-1B26-47B9-ADB2-DF9B8FD14485}.Ad-Hoc|x86.ActiveCfg = Release|Any CPU
		{A7558BA5-1B26-47B9-ADB2-DF9B8FD14485}.Ad-Hoc|x86.Build.0 = Release|Any CPU
		{A7558BA5-1B26-47B9-ADB2-DF9B8FD14485}.Ad-Hoc|x86.Deploy.0 = Release|Any CPU
		{A7558BA5-1B26-47B9-ADB2-DF9B8FD14485}.AppStore|Any CPU.ActiveCfg = Release|Any CPU
		{A7558BA5-1B26-47B9-ADB2-DF9B8FD14485}.AppStore|Any CPU.Build.0 = Release|Any CPU
		{A7558BA5-1B26-47B9-ADB2-DF9B8FD14485}.AppStore|Any CPU.Deploy.0 = Release|Any CPU
		{A7558BA5-1B26-47B9-ADB2-DF9B8FD14485}.AppStore|ARM.ActiveCfg = Release|Any CPU
		{A7558BA5-1B26-47B9-ADB2-DF9B8FD14485}.AppStore|ARM.Build.0 = Release|Any CPU
		{A7558BA5-1B26-47B9-ADB2-DF9B8FD14485}.AppStore|ARM.Deploy.0 = Release|Any CPU
		{A7558BA5-1B26-47B9-ADB2-DF9B8FD14485}.AppStore|iPhone.ActiveCfg = Release|Any CPU
		{A7558BA5-1B26-47B9-ADB2-DF9B8FD14485}.AppStore|iPhone.Build.0 = Release|Any CPU
		{A7558BA5-1B26-47B9-ADB2-DF9B8FD14485}.AppStore|iPhone.Deploy.0 = Release|Any CPU
		{A7558BA5-1B26-47B9-ADB2-DF9B8FD14485}.AppStore|iPhoneSimulator.ActiveCfg = Release|Any CPU
		{A7558BA5-1B26-47B9-ADB2-DF9B8FD14485}.AppStore|iPhoneSimulator.Build.0 = Release|Any CPU
		{A7558BA5-1B26-47B9-ADB2-DF9B8FD14485}.AppStore|iPhoneSimulator.Deploy.0 = Release|Any CPU
		{A7558BA5-1B26-47B9-ADB2-DF9B8FD14485}.AppStore|x64.ActiveCfg = Release|Any CPU
		{A7558BA5-1B26-47B9-ADB2-DF9B8FD14485}.AppStore|x64.Build.0 = Release|Any CPU
		{A7558BA5-1B26-47B9-ADB2-DF9B8FD14485}.AppStore|x64.Deploy.0 = Release|Any CPU
		{A7558BA5-1B26-47B9-ADB2-DF9B8FD14485}.AppStore|x86.ActiveCfg = Release|Any CPU
		{A7558BA5-1B26-47B9-ADB2-DF9B8FD14485}.AppStore|x86.Build.0 = Release|Any CPU
		{A7558BA5-1B26-47B9-ADB2-DF9B8FD14485}.AppStore|x86.Deploy.0 = Release|Any CPU
		{A7558BA5-1B26-47B9-ADB2-DF9B8FD14485}.Debug|Any CPU.ActiveCfg = Debug|Any CPU
		{A7558BA5-1B26-47B9-ADB2-DF9B8FD14485}.Debug|Any CPU.Build.0 = Debug|Any CPU
		{A7558BA5-1B26-47B9-ADB2-DF9B8FD14485}.Debug|Any CPU.Deploy.0 = Debug|Any CPU
		{A7558BA5-1B26-47B9-ADB2-DF9B8FD14485}.Debug|ARM.ActiveCfg = Debug|Any CPU
		{A7558BA5-1B26-47B9-ADB2-DF9B8FD14485}.Debug|ARM.Build.0 = Debug|Any CPU
		{A7558BA5-1B26-47B9-ADB2-DF9B8FD14485}.Debug|ARM.Deploy.0 = Debug|Any CPU
		{A7558BA5-1B26-47B9-ADB2-DF9B8FD14485}.Debug|iPhone.ActiveCfg = Debug|Any CPU
		{A7558BA5-1B26-47B9-ADB2-DF9B8FD14485}.Debug|iPhone.Build.0 = Debug|Any CPU
		{A7558BA5-1B26-47B9-ADB2-DF9B8FD14485}.Debug|iPhone.Deploy.0 = Debug|Any CPU
		{A7558BA5-1B26-47B9-ADB2-DF9B8FD14485}.Debug|iPhoneSimulator.ActiveCfg = Debug|Any CPU
		{A7558BA5-1B26-47B9-ADB2-DF9B8FD14485}.Debug|iPhoneSimulator.Build.0 = Debug|Any CPU
		{A7558BA5-1B26-47B9-ADB2-DF9B8FD14485}.Debug|iPhoneSimulator.Deploy.0 = Debug|Any CPU
		{A7558BA5-1B26-47B9-ADB2-DF9B8FD14485}.Debug|x64.ActiveCfg = Debug|Any CPU
		{A7558BA5-1B26-47B9-ADB2-DF9B8FD14485}.Debug|x64.Build.0 = Debug|Any CPU
		{A7558BA5-1B26-47B9-ADB2-DF9B8FD14485}.Debug|x64.Deploy.0 = Debug|Any CPU
		{A7558BA5-1B26-47B9-ADB2-DF9B8FD14485}.Debug|x86.ActiveCfg = Debug|Any CPU
		{A7558BA5-1B26-47B9-ADB2-DF9B8FD14485}.Debug|x86.Build.0 = Debug|Any CPU
		{A7558BA5-1B26-47B9-ADB2-DF9B8FD14485}.Debug|x86.Deploy.0 = Debug|Any CPU
		{A7558BA5-1B26-47B9-ADB2-DF9B8FD14485}.Release|Any CPU.ActiveCfg = Release|Any CPU
		{A7558BA5-1B26-47B9-ADB2-DF9B8FD14485}.Release|Any CPU.Build.0 = Release|Any CPU
		{A7558BA5-1B26-47B9-ADB2-DF9B8FD14485}.Release|Any CPU.Deploy.0 = Release|Any CPU
		{A7558BA5-1B26-47B9-ADB2-DF9B8FD14485}.Release|ARM.ActiveCfg = Release|Any CPU
		{A7558BA5-1B26-47B9-ADB2-DF9B8FD14485}.Release|ARM.Build.0 = Release|Any CPU
		{A7558BA5-1B26-47B9-ADB2-DF9B8FD14485}.Release|ARM.Deploy.0 = Release|Any CPU
		{A7558BA5-1B26-47B9-ADB2-DF9B8FD14485}.Release|iPhone.ActiveCfg = Release|Any CPU
		{A7558BA5-1B26-47B9-ADB2-DF9B8FD14485}.Release|iPhone.Build.0 = Release|Any CPU
		{A7558BA5-1B26-47B9-ADB2-DF9B8FD14485}.Release|iPhone.Deploy.0 = Release|Any CPU
		{A7558BA5-1B26-47B9-ADB2-DF9B8FD14485}.Release|iPhoneSimulator.ActiveCfg = Release|Any CPU
		{A7558BA5-1B26-47B9-ADB2-DF9B8FD14485}.Release|iPhoneSimulator.Build.0 = Release|Any CPU
		{A7558BA5-1B26-47B9-ADB2-DF9B8FD14485}.Release|iPhoneSimulator.Deploy.0 = Release|Any CPU
		{A7558BA5-1B26-47B9-ADB2-DF9B8FD14485}.Release|x64.ActiveCfg = Release|Any CPU
		{A7558BA5-1B26-47B9-ADB2-DF9B8FD14485}.Release|x64.Build.0 = Release|Any CPU
		{A7558BA5-1B26-47B9-ADB2-DF9B8FD14485}.Release|x64.Deploy.0 = Release|Any CPU
		{A7558BA5-1B26-47B9-ADB2-DF9B8FD14485}.Release|x86.ActiveCfg = Release|Any CPU
		{A7558BA5-1B26-47B9-ADB2-DF9B8FD14485}.Release|x86.Build.0 = Release|Any CPU
		{A7558BA5-1B26-47B9-ADB2-DF9B8FD14485}.Release|x86.Deploy.0 = Release|Any CPU
		{C7AA03E9-6127-425E-8E39-3F63425D4073}.Ad-Hoc|Any CPU.ActiveCfg = Ad-Hoc|iPhone
		{C7AA03E9-6127-425E-8E39-3F63425D4073}.Ad-Hoc|Any CPU.Build.0 = Ad-Hoc|iPhone
		{C7AA03E9-6127-425E-8E39-3F63425D4073}.Ad-Hoc|Any CPU.Deploy.0 = Ad-Hoc|iPhone
		{C7AA03E9-6127-425E-8E39-3F63425D4073}.Ad-Hoc|ARM.ActiveCfg = Ad-Hoc|iPhone
		{C7AA03E9-6127-425E-8E39-3F63425D4073}.Ad-Hoc|ARM.Build.0 = Ad-Hoc|iPhone
		{C7AA03E9-6127-425E-8E39-3F63425D4073}.Ad-Hoc|ARM.Deploy.0 = Ad-Hoc|iPhone
		{C7AA03E9-6127-425E-8E39-3F63425D4073}.Ad-Hoc|iPhone.ActiveCfg = Ad-Hoc|iPhone
		{C7AA03E9-6127-425E-8E39-3F63425D4073}.Ad-Hoc|iPhone.Build.0 = Ad-Hoc|iPhone
		{C7AA03E9-6127-425E-8E39-3F63425D4073}.Ad-Hoc|iPhone.Deploy.0 = Ad-Hoc|iPhone
		{C7AA03E9-6127-425E-8E39-3F63425D4073}.Ad-Hoc|iPhoneSimulator.ActiveCfg = Ad-Hoc|iPhoneSimulator
		{C7AA03E9-6127-425E-8E39-3F63425D4073}.Ad-Hoc|iPhoneSimulator.Build.0 = Ad-Hoc|iPhoneSimulator
		{C7AA03E9-6127-425E-8E39-3F63425D4073}.Ad-Hoc|iPhoneSimulator.Deploy.0 = Ad-Hoc|iPhoneSimulator
		{C7AA03E9-6127-425E-8E39-3F63425D4073}.Ad-Hoc|x64.ActiveCfg = Ad-Hoc|iPhone
		{C7AA03E9-6127-425E-8E39-3F63425D4073}.Ad-Hoc|x64.Build.0 = Ad-Hoc|iPhone
		{C7AA03E9-6127-425E-8E39-3F63425D4073}.Ad-Hoc|x64.Deploy.0 = Ad-Hoc|iPhone
		{C7AA03E9-6127-425E-8E39-3F63425D4073}.Ad-Hoc|x86.ActiveCfg = Ad-Hoc|iPhone
		{C7AA03E9-6127-425E-8E39-3F63425D4073}.Ad-Hoc|x86.Build.0 = Ad-Hoc|iPhone
		{C7AA03E9-6127-425E-8E39-3F63425D4073}.Ad-Hoc|x86.Deploy.0 = Ad-Hoc|iPhone
		{C7AA03E9-6127-425E-8E39-3F63425D4073}.AppStore|Any CPU.ActiveCfg = AppStore|iPhone
		{C7AA03E9-6127-425E-8E39-3F63425D4073}.AppStore|Any CPU.Build.0 = AppStore|iPhone
		{C7AA03E9-6127-425E-8E39-3F63425D4073}.AppStore|Any CPU.Deploy.0 = AppStore|iPhone
		{C7AA03E9-6127-425E-8E39-3F63425D4073}.AppStore|ARM.ActiveCfg = AppStore|iPhone
		{C7AA03E9-6127-425E-8E39-3F63425D4073}.AppStore|ARM.Build.0 = AppStore|iPhone
		{C7AA03E9-6127-425E-8E39-3F63425D4073}.AppStore|ARM.Deploy.0 = AppStore|iPhone
		{C7AA03E9-6127-425E-8E39-3F63425D4073}.AppStore|iPhone.ActiveCfg = AppStore|iPhone
		{C7AA03E9-6127-425E-8E39-3F63425D4073}.AppStore|iPhone.Build.0 = AppStore|iPhone
		{C7AA03E9-6127-425E-8E39-3F63425D4073}.AppStore|iPhone.Deploy.0 = AppStore|iPhone
		{C7AA03E9-6127-425E-8E39-3F63425D4073}.AppStore|iPhoneSimulator.ActiveCfg = AppStore|iPhoneSimulator
		{C7AA03E9-6127-425E-8E39-3F63425D4073}.AppStore|iPhoneSimulator.Build.0 = AppStore|iPhoneSimulator
		{C7AA03E9-6127-425E-8E39-3F63425D4073}.AppStore|iPhoneSimulator.Deploy.0 = AppStore|iPhoneSimulator
		{C7AA03E9-6127-425E-8E39-3F63425D4073}.AppStore|x64.ActiveCfg = AppStore|iPhone
		{C7AA03E9-6127-425E-8E39-3F63425D4073}.AppStore|x64.Build.0 = AppStore|iPhone
		{C7AA03E9-6127-425E-8E39-3F63425D4073}.AppStore|x64.Deploy.0 = AppStore|iPhone
		{C7AA03E9-6127-425E-8E39-3F63425D4073}.AppStore|x86.ActiveCfg = AppStore|iPhone
		{C7AA03E9-6127-425E-8E39-3F63425D4073}.AppStore|x86.Build.0 = AppStore|iPhone
		{C7AA03E9-6127-425E-8E39-3F63425D4073}.AppStore|x86.Deploy.0 = AppStore|iPhone
		{C7AA03E9-6127-425E-8E39-3F63425D4073}.Debug|Any CPU.ActiveCfg = Debug|iPhoneSimulator
		{C7AA03E9-6127-425E-8E39-3F63425D4073}.Debug|Any CPU.Build.0 = Debug|iPhoneSimulator
		{C7AA03E9-6127-425E-8E39-3F63425D4073}.Debug|Any CPU.Deploy.0 = Debug|iPhoneSimulator
		{C7AA03E9-6127-425E-8E39-3F63425D4073}.Debug|ARM.ActiveCfg = Debug|iPhone
		{C7AA03E9-6127-425E-8E39-3F63425D4073}.Debug|ARM.Build.0 = Debug|iPhone
		{C7AA03E9-6127-425E-8E39-3F63425D4073}.Debug|ARM.Deploy.0 = Debug|iPhone
		{C7AA03E9-6127-425E-8E39-3F63425D4073}.Debug|iPhone.ActiveCfg = Debug|iPhone
		{C7AA03E9-6127-425E-8E39-3F63425D4073}.Debug|iPhone.Build.0 = Debug|iPhone
		{C7AA03E9-6127-425E-8E39-3F63425D4073}.Debug|iPhone.Deploy.0 = Debug|iPhone
		{C7AA03E9-6127-425E-8E39-3F63425D4073}.Debug|iPhoneSimulator.ActiveCfg = Debug|iPhoneSimulator
		{C7AA03E9-6127-425E-8E39-3F63425D4073}.Debug|iPhoneSimulator.Build.0 = Debug|iPhoneSimulator
		{C7AA03E9-6127-425E-8E39-3F63425D4073}.Debug|iPhoneSimulator.Deploy.0 = Debug|iPhoneSimulator
		{C7AA03E9-6127-425E-8E39-3F63425D4073}.Debug|x64.ActiveCfg = Debug|iPhone
		{C7AA03E9-6127-425E-8E39-3F63425D4073}.Debug|x64.Build.0 = Debug|iPhone
		{C7AA03E9-6127-425E-8E39-3F63425D4073}.Debug|x64.Deploy.0 = Debug|iPhone
		{C7AA03E9-6127-425E-8E39-3F63425D4073}.Debug|x86.ActiveCfg = Debug|iPhone
		{C7AA03E9-6127-425E-8E39-3F63425D4073}.Debug|x86.Build.0 = Debug|iPhone
		{C7AA03E9-6127-425E-8E39-3F63425D4073}.Debug|x86.Deploy.0 = Debug|iPhone
		{C7AA03E9-6127-425E-8E39-3F63425D4073}.Release|Any CPU.ActiveCfg = Release|iPhone
		{C7AA03E9-6127-425E-8E39-3F63425D4073}.Release|Any CPU.Build.0 = Release|iPhone
		{C7AA03E9-6127-425E-8E39-3F63425D4073}.Release|Any CPU.Deploy.0 = Release|iPhone
		{C7AA03E9-6127-425E-8E39-3F63425D4073}.Release|ARM.ActiveCfg = Release|iPhone
		{C7AA03E9-6127-425E-8E39-3F63425D4073}.Release|ARM.Build.0 = Release|iPhone
		{C7AA03E9-6127-425E-8E39-3F63425D4073}.Release|ARM.Deploy.0 = Release|iPhone
		{C7AA03E9-6127-425E-8E39-3F63425D4073}.Release|iPhone.ActiveCfg = Release|iPhone
		{C7AA03E9-6127-425E-8E39-3F63425D4073}.Release|iPhone.Build.0 = Release|iPhone
		{C7AA03E9-6127-425E-8E39-3F63425D4073}.Release|iPhone.Deploy.0 = Release|iPhone
		{C7AA03E9-6127-425E-8E39-3F63425D4073}.Release|iPhoneSimulator.ActiveCfg = Release|iPhoneSimulator
		{C7AA03E9-6127-425E-8E39-3F63425D4073}.Release|iPhoneSimulator.Build.0 = Release|iPhoneSimulator
		{C7AA03E9-6127-425E-8E39-3F63425D4073}.Release|iPhoneSimulator.Deploy.0 = Release|iPhoneSimulator
		{C7AA03E9-6127-425E-8E39-3F63425D4073}.Release|x64.ActiveCfg = Release|iPhone
		{C7AA03E9-6127-425E-8E39-3F63425D4073}.Release|x64.Build.0 = Release|iPhone
		{C7AA03E9-6127-425E-8E39-3F63425D4073}.Release|x64.Deploy.0 = Release|iPhone
		{C7AA03E9-6127-425E-8E39-3F63425D4073}.Release|x86.ActiveCfg = Release|iPhone
		{C7AA03E9-6127-425E-8E39-3F63425D4073}.Release|x86.Build.0 = Release|iPhone
		{C7AA03E9-6127-425E-8E39-3F63425D4073}.Release|x86.Deploy.0 = Release|iPhone
		{37640030-CCDF-464E-AF9F-7B295C7CBE04}.Ad-Hoc|Any CPU.ActiveCfg = Release|x86
		{37640030-CCDF-464E-AF9F-7B295C7CBE04}.Ad-Hoc|Any CPU.Build.0 = Release|x86
		{37640030-CCDF-464E-AF9F-7B295C7CBE04}.Ad-Hoc|Any CPU.Deploy.0 = Release|x86
		{37640030-CCDF-464E-AF9F-7B295C7CBE04}.Ad-Hoc|ARM.ActiveCfg = Release|ARM
		{37640030-CCDF-464E-AF9F-7B295C7CBE04}.Ad-Hoc|ARM.Build.0 = Release|ARM
		{37640030-CCDF-464E-AF9F-7B295C7CBE04}.Ad-Hoc|ARM.Deploy.0 = Release|ARM
		{37640030-CCDF-464E-AF9F-7B295C7CBE04}.Ad-Hoc|iPhone.ActiveCfg = Release|x86
		{37640030-CCDF-464E-AF9F-7B295C7CBE04}.Ad-Hoc|iPhone.Build.0 = Release|x86
		{37640030-CCDF-464E-AF9F-7B295C7CBE04}.Ad-Hoc|iPhone.Deploy.0 = Release|x86
		{37640030-CCDF-464E-AF9F-7B295C7CBE04}.Ad-Hoc|iPhoneSimulator.ActiveCfg = Release|x86
		{37640030-CCDF-464E-AF9F-7B295C7CBE04}.Ad-Hoc|iPhoneSimulator.Build.0 = Release|x86
		{37640030-CCDF-464E-AF9F-7B295C7CBE04}.Ad-Hoc|iPhoneSimulator.Deploy.0 = Release|x86
		{37640030-CCDF-464E-AF9F-7B295C7CBE04}.Ad-Hoc|x64.ActiveCfg = Release|x64
		{37640030-CCDF-464E-AF9F-7B295C7CBE04}.Ad-Hoc|x64.Build.0 = Release|x64
		{37640030-CCDF-464E-AF9F-7B295C7CBE04}.Ad-Hoc|x64.Deploy.0 = Release|x64
		{37640030-CCDF-464E-AF9F-7B295C7CBE04}.Ad-Hoc|x86.ActiveCfg = Release|x86
		{37640030-CCDF-464E-AF9F-7B295C7CBE04}.Ad-Hoc|x86.Build.0 = Release|x86
		{37640030-CCDF-464E-AF9F-7B295C7CBE04}.Ad-Hoc|x86.Deploy.0 = Release|x86
		{37640030-CCDF-464E-AF9F-7B295C7CBE04}.AppStore|Any CPU.ActiveCfg = Release|x86
		{37640030-CCDF-464E-AF9F-7B295C7CBE04}.AppStore|Any CPU.Build.0 = Release|x86
		{37640030-CCDF-464E-AF9F-7B295C7CBE04}.AppStore|Any CPU.Deploy.0 = Release|x86
		{37640030-CCDF-464E-AF9F-7B295C7CBE04}.AppStore|ARM.ActiveCfg = Release|ARM
		{37640030-CCDF-464E-AF9F-7B295C7CBE04}.AppStore|ARM.Build.0 = Release|ARM
		{37640030-CCDF-464E-AF9F-7B295C7CBE04}.AppStore|ARM.Deploy.0 = Release|ARM
		{37640030-CCDF-464E-AF9F-7B295C7CBE04}.AppStore|iPhone.ActiveCfg = Release|x86
		{37640030-CCDF-464E-AF9F-7B295C7CBE04}.AppStore|iPhone.Build.0 = Release|x86
		{37640030-CCDF-464E-AF9F-7B295C7CBE04}.AppStore|iPhone.Deploy.0 = Release|x86
		{37640030-CCDF-464E-AF9F-7B295C7CBE04}.AppStore|iPhoneSimulator.ActiveCfg = Release|x86
		{37640030-CCDF-464E-AF9F-7B295C7CBE04}.AppStore|iPhoneSimulator.Build.0 = Release|x86
		{37640030-CCDF-464E-AF9F-7B295C7CBE04}.AppStore|iPhoneSimulator.Deploy.0 = Release|x86
		{37640030-CCDF-464E-AF9F-7B295C7CBE04}.AppStore|x64.ActiveCfg = Release|x64
		{37640030-CCDF-464E-AF9F-7B295C7CBE04}.AppStore|x64.Build.0 = Release|x64
		{37640030-CCDF-464E-AF9F-7B295C7CBE04}.AppStore|x64.Deploy.0 = Release|x64
		{37640030-CCDF-464E-AF9F-7B295C7CBE04}.AppStore|x86.ActiveCfg = Release|x86
		{37640030-CCDF-464E-AF9F-7B295C7CBE04}.AppStore|x86.Build.0 = Release|x86
		{37640030-CCDF-464E-AF9F-7B295C7CBE04}.AppStore|x86.Deploy.0 = Release|x86
		{37640030-CCDF-464E-AF9F-7B295C7CBE04}.Debug|Any CPU.ActiveCfg = Debug|x86
		{37640030-CCDF-464E-AF9F-7B295C7CBE04}.Debug|Any CPU.Build.0 = Debug|x86
		{37640030-CCDF-464E-AF9F-7B295C7CBE04}.Debug|Any CPU.Deploy.0 = Debug|x86
		{37640030-CCDF-464E-AF9F-7B295C7CBE04}.Debug|ARM.ActiveCfg = Debug|ARM
		{37640030-CCDF-464E-AF9F-7B295C7CBE04}.Debug|ARM.Build.0 = Debug|ARM
		{37640030-CCDF-464E-AF9F-7B295C7CBE04}.Debug|ARM.Deploy.0 = Debug|ARM
		{37640030-CCDF-464E-AF9F-7B295C7CBE04}.Debug|iPhone.ActiveCfg = Debug|x86
		{37640030-CCDF-464E-AF9F-7B295C7CBE04}.Debug|iPhone.Build.0 = Debug|x86
		{37640030-CCDF-464E-AF9F-7B295C7CBE04}.Debug|iPhone.Deploy.0 = Debug|x86
		{37640030-CCDF-464E-AF9F-7B295C7CBE04}.Debug|iPhoneSimulator.ActiveCfg = Debug|x86
		{37640030-CCDF-464E-AF9F-7B295C7CBE04}.Debug|iPhoneSimulator.Build.0 = Debug|x86
		{37640030-CCDF-464E-AF9F-7B295C7CBE04}.Debug|iPhoneSimulator.Deploy.0 = Debug|x86
		{37640030-CCDF-464E-AF9F-7B295C7CBE04}.Debug|x64.ActiveCfg = Debug|x64
		{37640030-CCDF-464E-AF9F-7B295C7CBE04}.Debug|x64.Build.0 = Debug|x64
		{37640030-CCDF-464E-AF9F-7B295C7CBE04}.Debug|x64.Deploy.0 = Debug|x64
		{37640030-CCDF-464E-AF9F-7B295C7CBE04}.Debug|x86.ActiveCfg = Debug|x86
		{37640030-CCDF-464E-AF9F-7B295C7CBE04}.Debug|x86.Build.0 = Debug|x86
		{37640030-CCDF-464E-AF9F-7B295C7CBE04}.Debug|x86.Deploy.0 = Debug|x86
		{37640030-CCDF-464E-AF9F-7B295C7CBE04}.Release|Any CPU.ActiveCfg = Release|x86
		{37640030-CCDF-464E-AF9F-7B295C7CBE04}.Release|Any CPU.Build.0 = Release|x86
		{37640030-CCDF-464E-AF9F-7B295C7CBE04}.Release|Any CPU.Deploy.0 = Release|x86
		{37640030-CCDF-464E-AF9F-7B295C7CBE04}.Release|ARM.ActiveCfg = Release|ARM
		{37640030-CCDF-464E-AF9F-7B295C7CBE04}.Release|ARM.Build.0 = Release|ARM
		{37640030-CCDF-464E-AF9F-7B295C7CBE04}.Release|ARM.Deploy.0 = Release|ARM
		{37640030-CCDF-464E-AF9F-7B295C7CBE04}.Release|iPhone.ActiveCfg = Release|x86
		{37640030-CCDF-464E-AF9F-7B295C7CBE04}.Release|iPhone.Build.0 = Release|x86
		{37640030-CCDF-464E-AF9F-7B295C7CBE04}.Release|iPhone.Deploy.0 = Release|x86
		{37640030-CCDF-464E-AF9F-7B295C7CBE04}.Release|iPhoneSimulator.ActiveCfg = Release|x86
		{37640030-CCDF-464E-AF9F-7B295C7CBE04}.Release|iPhoneSimulator.Build.0 = Release|x86
		{37640030-CCDF-464E-AF9F-7B295C7CBE04}.Release|iPhoneSimulator.Deploy.0 = Release|x86
		{37640030-CCDF-464E-AF9F-7B295C7CBE04}.Release|x64.ActiveCfg = Release|x64
		{37640030-CCDF-464E-AF9F-7B295C7CBE04}.Release|x64.Build.0 = Release|x64
		{37640030-CCDF-464E-AF9F-7B295C7CBE04}.Release|x64.Deploy.0 = Release|x64
		{37640030-CCDF-464E-AF9F-7B295C7CBE04}.Release|x86.ActiveCfg = Release|x86
		{37640030-CCDF-464E-AF9F-7B295C7CBE04}.Release|x86.Build.0 = Release|x86
		{37640030-CCDF-464E-AF9F-7B295C7CBE04}.Release|x86.Deploy.0 = Release|x86
		{7A96A0CC-7AC4-4EE7-B069-7E814D0D9650}.Ad-Hoc|Any CPU.ActiveCfg = Debug|Any CPU
		{7A96A0CC-7AC4-4EE7-B069-7E814D0D9650}.Ad-Hoc|Any CPU.Build.0 = Debug|Any CPU
		{7A96A0CC-7AC4-4EE7-B069-7E814D0D9650}.Ad-Hoc|Any CPU.Deploy.0 = Debug|Any CPU
		{7A96A0CC-7AC4-4EE7-B069-7E814D0D9650}.Ad-Hoc|ARM.ActiveCfg = Debug|Any CPU
		{7A96A0CC-7AC4-4EE7-B069-7E814D0D9650}.Ad-Hoc|ARM.Build.0 = Debug|Any CPU
		{7A96A0CC-7AC4-4EE7-B069-7E814D0D9650}.Ad-Hoc|ARM.Deploy.0 = Debug|Any CPU
		{7A96A0CC-7AC4-4EE7-B069-7E814D0D9650}.Ad-Hoc|iPhone.ActiveCfg = Debug|Any CPU
		{7A96A0CC-7AC4-4EE7-B069-7E814D0D9650}.Ad-Hoc|iPhone.Build.0 = Debug|Any CPU
		{7A96A0CC-7AC4-4EE7-B069-7E814D0D9650}.Ad-Hoc|iPhone.Deploy.0 = Debug|Any CPU
		{7A96A0CC-7AC4-4EE7-B069-7E814D0D9650}.Ad-Hoc|iPhoneSimulator.ActiveCfg = Debug|Any CPU
		{7A96A0CC-7AC4-4EE7-B069-7E814D0D9650}.Ad-Hoc|iPhoneSimulator.Build.0 = Debug|Any CPU
		{7A96A0CC-7AC4-4EE7-B069-7E814D0D9650}.Ad-Hoc|iPhoneSimulator.Deploy.0 = Debug|Any CPU
		{7A96A0CC-7AC4-4EE7-B069-7E814D0D9650}.Ad-Hoc|x64.ActiveCfg = Debug|Any CPU
		{7A96A0CC-7AC4-4EE7-B069-7E814D0D9650}.Ad-Hoc|x64.Build.0 = Debug|Any CPU
		{7A96A0CC-7AC4-4EE7-B069-7E814D0D9650}.Ad-Hoc|x64.Deploy.0 = Debug|Any CPU
		{7A96A0CC-7AC4-4EE7-B069-7E814D0D9650}.Ad-Hoc|x86.ActiveCfg = Debug|Any CPU
		{7A96A0CC-7AC4-4EE7-B069-7E814D0D9650}.Ad-Hoc|x86.Build.0 = Debug|Any CPU
		{7A96A0CC-7AC4-4EE7-B069-7E814D0D9650}.Ad-Hoc|x86.Deploy.0 = Debug|Any CPU
		{7A96A0CC-7AC4-4EE7-B069-7E814D0D9650}.AppStore|Any CPU.ActiveCfg = Debug|Any CPU
		{7A96A0CC-7AC4-4EE7-B069-7E814D0D9650}.AppStore|Any CPU.Build.0 = Debug|Any CPU
		{7A96A0CC-7AC4-4EE7-B069-7E814D0D9650}.AppStore|Any CPU.Deploy.0 = Debug|Any CPU
		{7A96A0CC-7AC4-4EE7-B069-7E814D0D9650}.AppStore|ARM.ActiveCfg = Debug|Any CPU
		{7A96A0CC-7AC4-4EE7-B069-7E814D0D9650}.AppStore|ARM.Build.0 = Debug|Any CPU
		{7A96A0CC-7AC4-4EE7-B069-7E814D0D9650}.AppStore|ARM.Deploy.0 = Debug|Any CPU
		{7A96A0CC-7AC4-4EE7-B069-7E814D0D9650}.AppStore|iPhone.ActiveCfg = Debug|Any CPU
		{7A96A0CC-7AC4-4EE7-B069-7E814D0D9650}.AppStore|iPhone.Build.0 = Debug|Any CPU
		{7A96A0CC-7AC4-4EE7-B069-7E814D0D9650}.AppStore|iPhone.Deploy.0 = Debug|Any CPU
		{7A96A0CC-7AC4-4EE7-B069-7E814D0D9650}.AppStore|iPhoneSimulator.ActiveCfg = Debug|Any CPU
		{7A96A0CC-7AC4-4EE7-B069-7E814D0D9650}.AppStore|iPhoneSimulator.Build.0 = Debug|Any CPU
		{7A96A0CC-7AC4-4EE7-B069-7E814D0D9650}.AppStore|iPhoneSimulator.Deploy.0 = Debug|Any CPU
		{7A96A0CC-7AC4-4EE7-B069-7E814D0D9650}.AppStore|x64.ActiveCfg = Debug|Any CPU
		{7A96A0CC-7AC4-4EE7-B069-7E814D0D9650}.AppStore|x64.Build.0 = Debug|Any CPU
		{7A96A0CC-7AC4-4EE7-B069-7E814D0D9650}.AppStore|x64.Deploy.0 = Debug|Any CPU
		{7A96A0CC-7AC4-4EE7-B069-7E814D0D9650}.AppStore|x86.ActiveCfg = Debug|Any CPU
		{7A96A0CC-7AC4-4EE7-B069-7E814D0D9650}.AppStore|x86.Build.0 = Debug|Any CPU
		{7A96A0CC-7AC4-4EE7-B069-7E814D0D9650}.AppStore|x86.Deploy.0 = Debug|Any CPU
		{7A96A0CC-7AC4-4EE7-B069-7E814D0D9650}.Debug|Any CPU.ActiveCfg = Debug|Any CPU
		{7A96A0CC-7AC4-4EE7-B069-7E814D0D9650}.Debug|Any CPU.Build.0 = Debug|Any CPU
		{7A96A0CC-7AC4-4EE7-B069-7E814D0D9650}.Debug|Any CPU.Deploy.0 = Debug|Any CPU
		{7A96A0CC-7AC4-4EE7-B069-7E814D0D9650}.Debug|ARM.ActiveCfg = Debug|Any CPU
		{7A96A0CC-7AC4-4EE7-B069-7E814D0D9650}.Debug|ARM.Build.0 = Debug|Any CPU
		{7A96A0CC-7AC4-4EE7-B069-7E814D0D9650}.Debug|ARM.Deploy.0 = Debug|Any CPU
		{7A96A0CC-7AC4-4EE7-B069-7E814D0D9650}.Debug|iPhone.ActiveCfg = Debug|Any CPU
		{7A96A0CC-7AC4-4EE7-B069-7E814D0D9650}.Debug|iPhone.Build.0 = Debug|Any CPU
		{7A96A0CC-7AC4-4EE7-B069-7E814D0D9650}.Debug|iPhone.Deploy.0 = Debug|Any CPU
		{7A96A0CC-7AC4-4EE7-B069-7E814D0D9650}.Debug|iPhoneSimulator.ActiveCfg = Debug|Any CPU
		{7A96A0CC-7AC4-4EE7-B069-7E814D0D9650}.Debug|iPhoneSimulator.Build.0 = Debug|Any CPU
		{7A96A0CC-7AC4-4EE7-B069-7E814D0D9650}.Debug|iPhoneSimulator.Deploy.0 = Debug|Any CPU
		{7A96A0CC-7AC4-4EE7-B069-7E814D0D9650}.Debug|x64.ActiveCfg = Debug|Any CPU
		{7A96A0CC-7AC4-4EE7-B069-7E814D0D9650}.Debug|x64.Build.0 = Debug|Any CPU
		{7A96A0CC-7AC4-4EE7-B069-7E814D0D9650}.Debug|x64.Deploy.0 = Debug|Any CPU
		{7A96A0CC-7AC4-4EE7-B069-7E814D0D9650}.Debug|x86.ActiveCfg = Debug|Any CPU
		{7A96A0CC-7AC4-4EE7-B069-7E814D0D9650}.Debug|x86.Build.0 = Debug|Any CPU
		{7A96A0CC-7AC4-4EE7-B069-7E814D0D9650}.Debug|x86.Deploy.0 = Debug|Any CPU
		{7A96A0CC-7AC4-4EE7-B069-7E814D0D9650}.Release|Any CPU.ActiveCfg = Release|Any CPU
		{7A96A0CC-7AC4-4EE7-B069-7E814D0D9650}.Release|Any CPU.Build.0 = Release|Any CPU
		{7A96A0CC-7AC4-4EE7-B069-7E814D0D9650}.Release|Any CPU.Deploy.0 = Release|Any CPU
		{7A96A0CC-7AC4-4EE7-B069-7E814D0D9650}.Release|ARM.ActiveCfg = Release|Any CPU
		{7A96A0CC-7AC4-4EE7-B069-7E814D0D9650}.Release|ARM.Build.0 = Release|Any CPU
		{7A96A0CC-7AC4-4EE7-B069-7E814D0D9650}.Release|ARM.Deploy.0 = Release|Any CPU
		{7A96A0CC-7AC4-4EE7-B069-7E814D0D9650}.Release|iPhone.ActiveCfg = Release|Any CPU
		{7A96A0CC-7AC4-4EE7-B069-7E814D0D9650}.Release|iPhone.Build.0 = Release|Any CPU
		{7A96A0CC-7AC4-4EE7-B069-7E814D0D9650}.Release|iPhone.Deploy.0 = Release|Any CPU
		{7A96A0CC-7AC4-4EE7-B069-7E814D0D9650}.Release|iPhoneSimulator.ActiveCfg = Release|Any CPU
		{7A96A0CC-7AC4-4EE7-B069-7E814D0D9650}.Release|iPhoneSimulator.Build.0 = Release|Any CPU
		{7A96A0CC-7AC4-4EE7-B069-7E814D0D9650}.Release|iPhoneSimulator.Deploy.0 = Release|Any CPU
		{7A96A0CC-7AC4-4EE7-B069-7E814D0D9650}.Release|x64.ActiveCfg = Release|Any CPU
		{7A96A0CC-7AC4-4EE7-B069-7E814D0D9650}.Release|x64.Build.0 = Release|Any CPU
		{7A96A0CC-7AC4-4EE7-B069-7E814D0D9650}.Release|x64.Deploy.0 = Release|Any CPU
		{7A96A0CC-7AC4-4EE7-B069-7E814D0D9650}.Release|x86.ActiveCfg = Release|Any CPU
		{7A96A0CC-7AC4-4EE7-B069-7E814D0D9650}.Release|x86.Build.0 = Release|Any CPU
		{7A96A0CC-7AC4-4EE7-B069-7E814D0D9650}.Release|x86.Deploy.0 = Release|Any CPU
	EndGlobalSection
	GlobalSection(SolutionProperties) = preSolution
		HideSolutionNode = FALSE
	EndGlobalSection
	GlobalSection(ExtensibilityGlobals) = postSolution
		SolutionGuid = {526FFE83-DA0D-4592-814D-1B18598D582B}
	EndGlobalSection
EndGlobal
