
Microsoft Visual Studio Solution File, Format Version 12.00
# Visual Studio 15
VisualStudioVersion = 15.0.28010.2036
MinimumVisualStudioVersion = 10.0.40219.1
Project("{FAE04EC0-301F-11D3-BF4B-00C04F79EFBC}") = "MathMagic.Android", "MathMagic\MathMagic.Android\MathMagic.Android.csproj", "{C6ECED02-DF06-4CDC-B922-421033231265}"
EndProject
Project("{FAE04EC0-301F-11D3-BF4B-00C04F79EFBC}") = "MathMagic.iOS", "MathMagic\MathMagic.iOS\MathMagic.iOS.csproj", "{C788153F-D66A-41E4-93A4-ECA8417BCD7B}"
EndProject
Project("{FAE04EC0-301F-11D3-BF4B-00C04F79EFBC}") = "MathMagic.UWP", "MathMagic\MathMagic.UWP\MathMagic.UWP.csproj", "{3955E146-F3AD-4F4D-943D-5491E90F1115}"
EndProject
Project("{FAE04EC0-301F-11D3-BF4B-00C04F79EFBC}") = "MathMagic", "MathMagic\MathMagic\MathMagic.csproj", "{097506BC-6652-4F7E-B428-4A0F55A22B02}"
EndProject
Global
	GlobalSection(SolutionConfigurationPlatforms) = preSolution
		Ad-Hoc|Any CPU = Ad-Hoc|Any CPU
		Ad-Hoc|ARM = Ad-Hoc|ARM
		Ad-Hoc|iPhone = Ad-Hoc|iPhone
		Ad-Hoc|iPhoneSimulator = Ad-Hoc|iPhoneSimulator
		Ad-Hoc|x64 = Ad-Hoc|x64
		Ad-Hoc|x86 = Ad-Hoc|x86
		AppStore|Any CPU = AppStore|Any CPU
		AppStore|ARM = AppStore|ARM
		AppStore|iPhone = AppStore|iPhone
		AppStore|iPhoneSimulator = AppStore|iPhoneSimulator
		AppStore|x64 = AppStore|x64
		AppStore|x86 = AppStore|x86
		Debug|Any CPU = Debug|Any CPU
		Debug|ARM = Debug|ARM
		Debug|iPhone = Debug|iPhone
		Debug|iPhoneSimulator = Debug|iPhoneSimulator
		Debug|x64 = Debug|x64
		Debug|x86 = Debug|x86
		Release|Any CPU = Release|Any CPU
		Release|ARM = Release|ARM
		Release|iPhone = Release|iPhone
		Release|iPhoneSimulator = Release|iPhoneSimulator
		Release|x64 = Release|x64
		Release|x86 = Release|x86
	EndGlobalSection
	GlobalSection(ProjectConfigurationPlatforms) = postSolution
		{C6ECED02-DF06-4CDC-B922-421033231265}.Ad-Hoc|Any CPU.ActiveCfg = Release|Any CPU
		{C6ECED02-DF06-4CDC-B922-421033231265}.Ad-Hoc|Any CPU.Build.0 = Release|Any CPU
		{C6ECED02-DF06-4CDC-B922-421033231265}.Ad-Hoc|Any CPU.Deploy.0 = Release|Any CPU
		{C6ECED02-DF06-4CDC-B922-421033231265}.Ad-Hoc|ARM.ActiveCfg = Release|Any CPU
		{C6ECED02-DF06-4CDC-B922-421033231265}.Ad-Hoc|ARM.Build.0 = Release|Any CPU
		{C6ECED02-DF06-4CDC-B922-421033231265}.Ad-Hoc|ARM.Deploy.0 = Release|Any CPU
		{C6ECED02-DF06-4CDC-B922-421033231265}.Ad-Hoc|iPhone.ActiveCfg = Release|Any CPU
		{C6ECED02-DF06-4CDC-B922-421033231265}.Ad-Hoc|iPhone.Build.0 = Release|Any CPU
		{C6ECED02-DF06-4CDC-B922-421033231265}.Ad-Hoc|iPhone.Deploy.0 = Release|Any CPU
		{C6ECED02-DF06-4CDC-B922-421033231265}.Ad-Hoc|iPhoneSimulator.ActiveCfg = Release|Any CPU
		{C6ECED02-DF06-4CDC-B922-421033231265}.Ad-Hoc|iPhoneSimulator.Build.0 = Release|Any CPU
		{C6ECED02-DF06-4CDC-B922-421033231265}.Ad-Hoc|iPhoneSimulator.Deploy.0 = Release|Any CPU
		{C6ECED02-DF06-4CDC-B922-421033231265}.Ad-Hoc|x64.ActiveCfg = Release|Any CPU
		{C6ECED02-DF06-4CDC-B922-421033231265}.Ad-Hoc|x64.Build.0 = Release|Any CPU
		{C6ECED02-DF06-4CDC-B922-421033231265}.Ad-Hoc|x64.Deploy.0 = Release|Any CPU
		{C6ECED02-DF06-4CDC-B922-421033231265}.Ad-Hoc|x86.ActiveCfg = Release|Any CPU
		{C6ECED02-DF06-4CDC-B922-421033231265}.Ad-Hoc|x86.Build.0 = Release|Any CPU
		{C6ECED02-DF06-4CDC-B922-421033231265}.Ad-Hoc|x86.Deploy.0 = Release|Any CPU
		{C6ECED02-DF06-4CDC-B922-421033231265}.AppStore|Any CPU.ActiveCfg = Release|Any CPU
		{C6ECED02-DF06-4CDC-B922-421033231265}.AppStore|Any CPU.Build.0 = Release|Any CPU
		{C6ECED02-DF06-4CDC-B922-421033231265}.AppStore|Any CPU.Deploy.0 = Release|Any CPU
		{C6ECED02-DF06-4CDC-B922-421033231265}.AppStore|ARM.ActiveCfg = Release|Any CPU
		{C6ECED02-DF06-4CDC-B922-421033231265}.AppStore|ARM.Build.0 = Release|Any CPU
		{C6ECED02-DF06-4CDC-B922-421033231265}.AppStore|ARM.Deploy.0 = Release|Any CPU
		{C6ECED02-DF06-4CDC-B922-421033231265}.AppStore|iPhone.ActiveCfg = Release|Any CPU
		{C6ECED02-DF06-4CDC-B922-421033231265}.AppStore|iPhone.Build.0 = Release|Any CPU
		{C6ECED02-DF06-4CDC-B922-421033231265}.AppStore|iPhone.Deploy.0 = Release|Any CPU
		{C6ECED02-DF06-4CDC-B922-421033231265}.AppStore|iPhoneSimulator.ActiveCfg = Release|Any CPU
		{C6ECED02-DF06-4CDC-B922-421033231265}.AppStore|iPhoneSimulator.Build.0 = Release|Any CPU
		{C6ECED02-DF06-4CDC-B922-421033231265}.AppStore|iPhoneSimulator.Deploy.0 = Release|Any CPU
		{C6ECED02-DF06-4CDC-B922-421033231265}.AppStore|x64.ActiveCfg = Release|Any CPU
		{C6ECED02-DF06-4CDC-B922-421033231265}.AppStore|x64.Build.0 = Release|Any CPU
		{C6ECED02-DF06-4CDC-B922-421033231265}.AppStore|x64.Deploy.0 = Release|Any CPU
		{C6ECED02-DF06-4CDC-B922-421033231265}.AppStore|x86.ActiveCfg = Release|Any CPU
		{C6ECED02-DF06-4CDC-B922-421033231265}.AppStore|x86.Build.0 = Release|Any CPU
		{C6ECED02-DF06-4CDC-B922-421033231265}.AppStore|x86.Deploy.0 = Release|Any CPU
		{C6ECED02-DF06-4CDC-B922-421033231265}.Debug|Any CPU.ActiveCfg = Debug|Any CPU
		{C6ECED02-DF06-4CDC-B922-421033231265}.Debug|Any CPU.Build.0 = Debug|Any CPU
		{C6ECED02-DF06-4CDC-B922-421033231265}.Debug|Any CPU.Deploy.0 = Debug|Any CPU
		{C6ECED02-DF06-4CDC-B922-421033231265}.Debug|ARM.ActiveCfg = Debug|Any CPU
		{C6ECED02-DF06-4CDC-B922-421033231265}.Debug|ARM.Build.0 = Debug|Any CPU
		{C6ECED02-DF06-4CDC-B922-421033231265}.Debug|ARM.Deploy.0 = Debug|Any CPU
		{C6ECED02-DF06-4CDC-B922-421033231265}.Debug|iPhone.ActiveCfg = Debug|Any CPU
		{C6ECED02-DF06-4CDC-B922-421033231265}.Debug|iPhone.Build.0 = Debug|Any CPU
		{C6ECED02-DF06-4CDC-B922-421033231265}.Debug|iPhone.Deploy.0 = Debug|Any CPU
		{C6ECED02-DF06-4CDC-B922-421033231265}.Debug|iPhoneSimulator.ActiveCfg = Debug|Any CPU
		{C6ECED02-DF06-4CDC-B922-421033231265}.Debug|iPhoneSimulator.Build.0 = Debug|Any CPU
		{C6ECED02-DF06-4CDC-B922-421033231265}.Debug|iPhoneSimulator.Deploy.0 = Debug|Any CPU
		{C6ECED02-DF06-4CDC-B922-421033231265}.Debug|x64.ActiveCfg = Debug|Any CPU
		{C6ECED02-DF06-4CDC-B922-421033231265}.Debug|x64.Build.0 = Debug|Any CPU
		{C6ECED02-DF06-4CDC-B922-421033231265}.Debug|x64.Deploy.0 = Debug|Any CPU
		{C6ECED02-DF06-4CDC-B922-421033231265}.Debug|x86.ActiveCfg = Debug|Any CPU
		{C6ECED02-DF06-4CDC-B922-421033231265}.Debug|x86.Build.0 = Debug|Any CPU
		{C6ECED02-DF06-4CDC-B922-421033231265}.Debug|x86.Deploy.0 = Debug|Any CPU
		{C6ECED02-DF06-4CDC-B922-421033231265}.Release|Any CPU.ActiveCfg = Release|Any CPU
		{C6ECED02-DF06-4CDC-B922-421033231265}.Release|Any CPU.Build.0 = Release|Any CPU
		{C6ECED02-DF06-4CDC-B922-421033231265}.Release|Any CPU.Deploy.0 = Release|Any CPU
		{C6ECED02-DF06-4CDC-B922-421033231265}.Release|ARM.ActiveCfg = Release|Any CPU
		{C6ECED02-DF06-4CDC-B922-421033231265}.Release|ARM.Build.0 = Release|Any CPU
		{C6ECED02-DF06-4CDC-B922-421033231265}.Release|ARM.Deploy.0 = Release|Any CPU
		{C6ECED02-DF06-4CDC-B922-421033231265}.Release|iPhone.ActiveCfg = Release|Any CPU
		{C6ECED02-DF06-4CDC-B922-421033231265}.Release|iPhone.Build.0 = Release|Any CPU
		{C6ECED02-DF06-4CDC-B922-421033231265}.Release|iPhone.Deploy.0 = Release|Any CPU
		{C6ECED02-DF06-4CDC-B922-421033231265}.Release|iPhoneSimulator.ActiveCfg = Release|Any CPU
		{C6ECED02-DF06-4CDC-B922-421033231265}.Release|iPhoneSimulator.Build.0 = Release|Any CPU
		{C6ECED02-DF06-4CDC-B922-421033231265}.Release|iPhoneSimulator.Deploy.0 = Release|Any CPU
		{C6ECED02-DF06-4CDC-B922-421033231265}.Release|x64.ActiveCfg = Release|Any CPU
		{C6ECED02-DF06-4CDC-B922-421033231265}.Release|x64.Build.0 = Release|Any CPU
		{C6ECED02-DF06-4CDC-B922-421033231265}.Release|x64.Deploy.0 = Release|Any CPU
		{C6ECED02-DF06-4CDC-B922-421033231265}.Release|x86.ActiveCfg = Release|Any CPU
		{C6ECED02-DF06-4CDC-B922-421033231265}.Release|x86.Build.0 = Release|Any CPU
		{C6ECED02-DF06-4CDC-B922-421033231265}.Release|x86.Deploy.0 = Release|Any CPU
		{C788153F-D66A-41E4-93A4-ECA8417BCD7B}.Ad-Hoc|Any CPU.ActiveCfg = Ad-Hoc|iPhone
		{C788153F-D66A-41E4-93A4-ECA8417BCD7B}.Ad-Hoc|Any CPU.Build.0 = Ad-Hoc|iPhone
		{C788153F-D66A-41E4-93A4-ECA8417BCD7B}.Ad-Hoc|Any CPU.Deploy.0 = Ad-Hoc|iPhone
		{C788153F-D66A-41E4-93A4-ECA8417BCD7B}.Ad-Hoc|ARM.ActiveCfg = Ad-Hoc|iPhone
		{C788153F-D66A-41E4-93A4-ECA8417BCD7B}.Ad-Hoc|ARM.Build.0 = Ad-Hoc|iPhone
		{C788153F-D66A-41E4-93A4-ECA8417BCD7B}.Ad-Hoc|ARM.Deploy.0 = Ad-Hoc|iPhone
		{C788153F-D66A-41E4-93A4-ECA8417BCD7B}.Ad-Hoc|iPhone.ActiveCfg = Ad-Hoc|iPhone
		{C788153F-D66A-41E4-93A4-ECA8417BCD7B}.Ad-Hoc|iPhone.Build.0 = Ad-Hoc|iPhone
		{C788153F-D66A-41E4-93A4-ECA8417BCD7B}.Ad-Hoc|iPhone.Deploy.0 = Ad-Hoc|iPhone
		{C788153F-D66A-41E4-93A4-ECA8417BCD7B}.Ad-Hoc|iPhoneSimulator.ActiveCfg = Ad-Hoc|iPhoneSimulator
		{C788153F-D66A-41E4-93A4-ECA8417BCD7B}.Ad-Hoc|iPhoneSimulator.Build.0 = Ad-Hoc|iPhoneSimulator
		{C788153F-D66A-41E4-93A4-ECA8417BCD7B}.Ad-Hoc|iPhoneSimulator.Deploy.0 = Ad-Hoc|iPhoneSimulator
		{C788153F-D66A-41E4-93A4-ECA8417BCD7B}.Ad-Hoc|x64.ActiveCfg = Ad-Hoc|iPhone
		{C788153F-D66A-41E4-93A4-ECA8417BCD7B}.Ad-Hoc|x64.Build.0 = Ad-Hoc|iPhone
		{C788153F-D66A-41E4-93A4-ECA8417BCD7B}.Ad-Hoc|x64.Deploy.0 = Ad-Hoc|iPhone
		{C788153F-D66A-41E4-93A4-ECA8417BCD7B}.Ad-Hoc|x86.ActiveCfg = Ad-Hoc|iPhone
		{C788153F-D66A-41E4-93A4-ECA8417BCD7B}.Ad-Hoc|x86.Build.0 = Ad-Hoc|iPhone
		{C788153F-D66A-41E4-93A4-ECA8417BCD7B}.Ad-Hoc|x86.Deploy.0 = Ad-Hoc|iPhone
		{C788153F-D66A-41E4-93A4-ECA8417BCD7B}.AppStore|Any CPU.ActiveCfg = AppStore|iPhone
		{C788153F-D66A-41E4-93A4-ECA8417BCD7B}.AppStore|Any CPU.Build.0 = AppStore|iPhone
		{C788153F-D66A-41E4-93A4-ECA8417BCD7B}.AppStore|Any CPU.Deploy.0 = AppStore|iPhone
		{C788153F-D66A-41E4-93A4-ECA8417BCD7B}.AppStore|ARM.ActiveCfg = AppStore|iPhone
		{C788153F-D66A-41E4-93A4-ECA8417BCD7B}.AppStore|ARM.Build.0 = AppStore|iPhone
		{C788153F-D66A-41E4-93A4-ECA8417BCD7B}.AppStore|ARM.Deploy.0 = AppStore|iPhone
		{C788153F-D66A-41E4-93A4-ECA8417BCD7B}.AppStore|iPhone.ActiveCfg = AppStore|iPhone
		{C788153F-D66A-41E4-93A4-ECA8417BCD7B}.AppStore|iPhone.Build.0 = AppStore|iPhone
		{C788153F-D66A-41E4-93A4-ECA8417BCD7B}.AppStore|iPhone.Deploy.0 = AppStore|iPhone
		{C788153F-D66A-41E4-93A4-ECA8417BCD7B}.AppStore|iPhoneSimulator.ActiveCfg = AppStore|iPhoneSimulator
		{C788153F-D66A-41E4-93A4-ECA8417BCD7B}.AppStore|iPhoneSimulator.Build.0 = AppStore|iPhoneSimulator
		{C788153F-D66A-41E4-93A4-ECA8417BCD7B}.AppStore|iPhoneSimulator.Deploy.0 = AppStore|iPhoneSimulator
		{C788153F-D66A-41E4-93A4-ECA8417BCD7B}.AppStore|x64.ActiveCfg = AppStore|iPhone
		{C788153F-D66A-41E4-93A4-ECA8417BCD7B}.AppStore|x64.Build.0 = AppStore|iPhone
		{C788153F-D66A-41E4-93A4-ECA8417BCD7B}.AppStore|x64.Deploy.0 = AppStore|iPhone
		{C788153F-D66A-41E4-93A4-ECA8417BCD7B}.AppStore|x86.ActiveCfg = AppStore|iPhone
		{C788153F-D66A-41E4-93A4-ECA8417BCD7B}.AppStore|x86.Build.0 = AppStore|iPhone
		{C788153F-D66A-41E4-93A4-ECA8417BCD7B}.AppStore|x86.Deploy.0 = AppStore|iPhone
		{C788153F-D66A-41E4-93A4-ECA8417BCD7B}.Debug|Any CPU.ActiveCfg = Debug|iPhoneSimulator
		{C788153F-D66A-41E4-93A4-ECA8417BCD7B}.Debug|Any CPU.Build.0 = Debug|iPhoneSimulator
		{C788153F-D66A-41E4-93A4-ECA8417BCD7B}.Debug|Any CPU.Deploy.0 = Debug|iPhoneSimulator
		{C788153F-D66A-41E4-93A4-ECA8417BCD7B}.Debug|ARM.ActiveCfg = Debug|iPhone
		{C788153F-D66A-41E4-93A4-ECA8417BCD7B}.Debug|ARM.Build.0 = Debug|iPhone
		{C788153F-D66A-41E4-93A4-ECA8417BCD7B}.Debug|ARM.Deploy.0 = Debug|iPhone
		{C788153F-D66A-41E4-93A4-ECA8417BCD7B}.Debug|iPhone.ActiveCfg = Debug|iPhone
		{C788153F-D66A-41E4-93A4-ECA8417BCD7B}.Debug|iPhone.Build.0 = Debug|iPhone
		{C788153F-D66A-41E4-93A4-ECA8417BCD7B}.Debug|iPhone.Deploy.0 = Debug|iPhone
		{C788153F-D66A-41E4-93A4-ECA8417BCD7B}.Debug|iPhoneSimulator.ActiveCfg = Debug|iPhoneSimulator
		{C788153F-D66A-41E4-93A4-ECA8417BCD7B}.Debug|iPhoneSimulator.Build.0 = Debug|iPhoneSimulator
		{C788153F-D66A-41E4-93A4-ECA8417BCD7B}.Debug|iPhoneSimulator.Deploy.0 = Debug|iPhoneSimulator
		{C788153F-D66A-41E4-93A4-ECA8417BCD7B}.Debug|x64.ActiveCfg = Debug|iPhone
		{C788153F-D66A-41E4-93A4-ECA8417BCD7B}.Debug|x64.Build.0 = Debug|iPhone
		{C788153F-D66A-41E4-93A4-ECA8417BCD7B}.Debug|x64.Deploy.0 = Debug|iPhone
		{C788153F-D66A-41E4-93A4-ECA8417BCD7B}.Debug|x86.ActiveCfg = Debug|iPhone
		{C788153F-D66A-41E4-93A4-ECA8417BCD7B}.Debug|x86.Build.0 = Debug|iPhone
		{C788153F-D66A-41E4-93A4-ECA8417BCD7B}.Debug|x86.Deploy.0 = Debug|iPhone
		{C788153F-D66A-41E4-93A4-ECA8417BCD7B}.Release|Any CPU.ActiveCfg = Release|iPhone
		{C788153F-D66A-41E4-93A4-ECA8417BCD7B}.Release|Any CPU.Build.0 = Release|iPhone
		{C788153F-D66A-41E4-93A4-ECA8417BCD7B}.Release|Any CPU.Deploy.0 = Release|iPhone
		{C788153F-D66A-41E4-93A4-ECA8417BCD7B}.Release|ARM.ActiveCfg = Release|iPhone
		{C788153F-D66A-41E4-93A4-ECA8417BCD7B}.Release|ARM.Build.0 = Release|iPhone
		{C788153F-D66A-41E4-93A4-ECA8417BCD7B}.Release|ARM.Deploy.0 = Release|iPhone
		{C788153F-D66A-41E4-93A4-ECA8417BCD7B}.Release|iPhone.ActiveCfg = Release|iPhone
		{C788153F-D66A-41E4-93A4-ECA8417BCD7B}.Release|iPhone.Build.0 = Release|iPhone
		{C788153F-D66A-41E4-93A4-ECA8417BCD7B}.Release|iPhone.Deploy.0 = Release|iPhone
		{C788153F-D66A-41E4-93A4-ECA8417BCD7B}.Release|iPhoneSimulator.ActiveCfg = Release|iPhoneSimulator
		{C788153F-D66A-41E4-93A4-ECA8417BCD7B}.Release|iPhoneSimulator.Build.0 = Release|iPhoneSimulator
		{C788153F-D66A-41E4-93A4-ECA8417BCD7B}.Release|iPhoneSimulator.Deploy.0 = Release|iPhoneSimulator
		{C788153F-D66A-41E4-93A4-ECA8417BCD7B}.Release|x64.ActiveCfg = Release|iPhone
		{C788153F-D66A-41E4-93A4-ECA8417BCD7B}.Release|x64.Build.0 = Release|iPhone
		{C788153F-D66A-41E4-93A4-ECA8417BCD7B}.Release|x64.Deploy.0 = Release|iPhone
		{C788153F-D66A-41E4-93A4-ECA8417BCD7B}.Release|x86.ActiveCfg = Release|iPhone
		{C788153F-D66A-41E4-93A4-ECA8417BCD7B}.Release|x86.Build.0 = Release|iPhone
		{C788153F-D66A-41E4-93A4-ECA8417BCD7B}.Release|x86.Deploy.0 = Release|iPhone
		{3955E146-F3AD-4F4D-943D-5491E90F1115}.Ad-Hoc|Any CPU.ActiveCfg = Release|x86
		{3955E146-F3AD-4F4D-943D-5491E90F1115}.Ad-Hoc|Any CPU.Build.0 = Release|x86
		{3955E146-F3AD-4F4D-943D-5491E90F1115}.Ad-Hoc|Any CPU.Deploy.0 = Release|x86
		{3955E146-F3AD-4F4D-943D-5491E90F1115}.Ad-Hoc|ARM.ActiveCfg = Release|ARM
		{3955E146-F3AD-4F4D-943D-5491E90F1115}.Ad-Hoc|ARM.Build.0 = Release|ARM
		{3955E146-F3AD-4F4D-943D-5491E90F1115}.Ad-Hoc|ARM.Deploy.0 = Release|ARM
		{3955E146-F3AD-4F4D-943D-5491E90F1115}.Ad-Hoc|iPhone.ActiveCfg = Release|x86
		{3955E146-F3AD-4F4D-943D-5491E90F1115}.Ad-Hoc|iPhone.Build.0 = Release|x86
		{3955E146-F3AD-4F4D-943D-5491E90F1115}.Ad-Hoc|iPhone.Deploy.0 = Release|x86
		{3955E146-F3AD-4F4D-943D-5491E90F1115}.Ad-Hoc|iPhoneSimulator.ActiveCfg = Release|x86
		{3955E146-F3AD-4F4D-943D-5491E90F1115}.Ad-Hoc|iPhoneSimulator.Build.0 = Release|x86
		{3955E146-F3AD-4F4D-943D-5491E90F1115}.Ad-Hoc|iPhoneSimulator.Deploy.0 = Release|x86
		{3955E146-F3AD-4F4D-943D-5491E90F1115}.Ad-Hoc|x64.ActiveCfg = Release|x64
		{3955E146-F3AD-4F4D-943D-5491E90F1115}.Ad-Hoc|x64.Build.0 = Release|x64
		{3955E146-F3AD-4F4D-943D-5491E90F1115}.Ad-Hoc|x64.Deploy.0 = Release|x64
		{3955E146-F3AD-4F4D-943D-5491E90F1115}.Ad-Hoc|x86.ActiveCfg = Release|x86
		{3955E146-F3AD-4F4D-943D-5491E90F1115}.Ad-Hoc|x86.Build.0 = Release|x86
		{3955E146-F3AD-4F4D-943D-5491E90F1115}.Ad-Hoc|x86.Deploy.0 = Release|x86
		{3955E146-F3AD-4F4D-943D-5491E90F1115}.AppStore|Any CPU.ActiveCfg = Release|x86
		{3955E146-F3AD-4F4D-943D-5491E90F1115}.AppStore|Any CPU.Build.0 = Release|x86
		{3955E146-F3AD-4F4D-943D-5491E90F1115}.AppStore|Any CPU.Deploy.0 = Release|x86
		{3955E146-F3AD-4F4D-943D-5491E90F1115}.AppStore|ARM.ActiveCfg = Release|ARM
		{3955E146-F3AD-4F4D-943D-5491E90F1115}.AppStore|ARM.Build.0 = Release|ARM
		{3955E146-F3AD-4F4D-943D-5491E90F1115}.AppStore|ARM.Deploy.0 = Release|ARM
		{3955E146-F3AD-4F4D-943D-5491E90F1115}.AppStore|iPhone.ActiveCfg = Release|x86
		{3955E146-F3AD-4F4D-943D-5491E90F1115}.AppStore|iPhone.Build.0 = Release|x86
		{3955E146-F3AD-4F4D-943D-5491E90F1115}.AppStore|iPhone.Deploy.0 = Release|x86
		{3955E146-F3AD-4F4D-943D-5491E90F1115}.AppStore|iPhoneSimulator.ActiveCfg = Release|x86
		{3955E146-F3AD-4F4D-943D-5491E90F1115}.AppStore|iPhoneSimulator.Build.0 = Release|x86
		{3955E146-F3AD-4F4D-943D-5491E90F1115}.AppStore|iPhoneSimulator.Deploy.0 = Release|x86
		{3955E146-F3AD-4F4D-943D-5491E90F1115}.AppStore|x64.ActiveCfg = Release|x64
		{3955E146-F3AD-4F4D-943D-5491E90F1115}.AppStore|x64.Build.0 = Release|x64
		{3955E146-F3AD-4F4D-943D-5491E90F1115}.AppStore|x64.Deploy.0 = Release|x64
		{3955E146-F3AD-4F4D-943D-5491E90F1115}.AppStore|x86.ActiveCfg = Release|x86
		{3955E146-F3AD-4F4D-943D-5491E90F1115}.AppStore|x86.Build.0 = Release|x86
		{3955E146-F3AD-4F4D-943D-5491E90F1115}.AppStore|x86.Deploy.0 = Release|x86
		{3955E146-F3AD-4F4D-943D-5491E90F1115}.Debug|Any CPU.ActiveCfg = Debug|x86
		{3955E146-F3AD-4F4D-943D-5491E90F1115}.Debug|Any CPU.Build.0 = Debug|x86
		{3955E146-F3AD-4F4D-943D-5491E90F1115}.Debug|Any CPU.Deploy.0 = Debug|x86
		{3955E146-F3AD-4F4D-943D-5491E90F1115}.Debug|ARM.ActiveCfg = Debug|ARM
		{3955E146-F3AD-4F4D-943D-5491E90F1115}.Debug|ARM.Build.0 = Debug|ARM
		{3955E146-F3AD-4F4D-943D-5491E90F1115}.Debug|ARM.Deploy.0 = Debug|ARM
		{3955E146-F3AD-4F4D-943D-5491E90F1115}.Debug|iPhone.ActiveCfg = Debug|x86
		{3955E146-F3AD-4F4D-943D-5491E90F1115}.Debug|iPhone.Build.0 = Debug|x86
		{3955E146-F3AD-4F4D-943D-5491E90F1115}.Debug|iPhone.Deploy.0 = Debug|x86
		{3955E146-F3AD-4F4D-943D-5491E90F1115}.Debug|iPhoneSimulator.ActiveCfg = Debug|x86
		{3955E146-F3AD-4F4D-943D-5491E90F1115}.Debug|iPhoneSimulator.Build.0 = Debug|x86
		{3955E146-F3AD-4F4D-943D-5491E90F1115}.Debug|iPhoneSimulator.Deploy.0 = Debug|x86
		{3955E146-F3AD-4F4D-943D-5491E90F1115}.Debug|x64.ActiveCfg = Debug|x64
		{3955E146-F3AD-4F4D-943D-5491E90F1115}.Debug|x64.Build.0 = Debug|x64
		{3955E146-F3AD-4F4D-943D-5491E90F1115}.Debug|x64.Deploy.0 = Debug|x64
		{3955E146-F3AD-4F4D-943D-5491E90F1115}.Debug|x86.ActiveCfg = Debug|x86
		{3955E146-F3AD-4F4D-943D-5491E90F1115}.Debug|x86.Build.0 = Debug|x86
		{3955E146-F3AD-4F4D-943D-5491E90F1115}.Debug|x86.Deploy.0 = Debug|x86
		{3955E146-F3AD-4F4D-943D-5491E90F1115}.Release|Any CPU.ActiveCfg = Release|x86
		{3955E146-F3AD-4F4D-943D-5491E90F1115}.Release|Any CPU.Build.0 = Release|x86
		{3955E146-F3AD-4F4D-943D-5491E90F1115}.Release|Any CPU.Deploy.0 = Release|x86
		{3955E146-F3AD-4F4D-943D-5491E90F1115}.Release|ARM.ActiveCfg = Release|ARM
		{3955E146-F3AD-4F4D-943D-5491E90F1115}.Release|ARM.Build.0 = Release|ARM
		{3955E146-F3AD-4F4D-943D-5491E90F1115}.Release|ARM.Deploy.0 = Release|ARM
		{3955E146-F3AD-4F4D-943D-5491E90F1115}.Release|iPhone.ActiveCfg = Release|x86
		{3955E146-F3AD-4F4D-943D-5491E90F1115}.Release|iPhone.Build.0 = Release|x86
		{3955E146-F3AD-4F4D-943D-5491E90F1115}.Release|iPhone.Deploy.0 = Release|x86
		{3955E146-F3AD-4F4D-943D-5491E90F1115}.Release|iPhoneSimulator.ActiveCfg = Release|x86
		{3955E146-F3AD-4F4D-943D-5491E90F1115}.Release|iPhoneSimulator.Build.0 = Release|x86
		{3955E146-F3AD-4F4D-943D-5491E90F1115}.Release|iPhoneSimulator.Deploy.0 = Release|x86
		{3955E146-F3AD-4F4D-943D-5491E90F1115}.Release|x64.ActiveCfg = Release|x64
		{3955E146-F3AD-4F4D-943D-5491E90F1115}.Release|x64.Build.0 = Release|x64
		{3955E146-F3AD-4F4D-943D-5491E90F1115}.Release|x64.Deploy.0 = Release|x64
		{3955E146-F3AD-4F4D-943D-5491E90F1115}.Release|x86.ActiveCfg = Release|x86
		{3955E146-F3AD-4F4D-943D-5491E90F1115}.Release|x86.Build.0 = Release|x86
		{3955E146-F3AD-4F4D-943D-5491E90F1115}.Release|x86.Deploy.0 = Release|x86
		{097506BC-6652-4F7E-B428-4A0F55A22B02}.Ad-Hoc|Any CPU.ActiveCfg = Debug|Any CPU
		{097506BC-6652-4F7E-B428-4A0F55A22B02}.Ad-Hoc|Any CPU.Build.0 = Debug|Any CPU
		{097506BC-6652-4F7E-B428-4A0F55A22B02}.Ad-Hoc|Any CPU.Deploy.0 = Debug|Any CPU
		{097506BC-6652-4F7E-B428-4A0F55A22B02}.Ad-Hoc|ARM.ActiveCfg = Debug|Any CPU
		{097506BC-6652-4F7E-B428-4A0F55A22B02}.Ad-Hoc|ARM.Build.0 = Debug|Any CPU
		{097506BC-6652-4F7E-B428-4A0F55A22B02}.Ad-Hoc|ARM.Deploy.0 = Debug|Any CPU
		{097506BC-6652-4F7E-B428-4A0F55A22B02}.Ad-Hoc|iPhone.ActiveCfg = Debug|Any CPU
		{097506BC-6652-4F7E-B428-4A0F55A22B02}.Ad-Hoc|iPhone.Build.0 = Debug|Any CPU
		{097506BC-6652-4F7E-B428-4A0F55A22B02}.Ad-Hoc|iPhone.Deploy.0 = Debug|Any CPU
		{097506BC-6652-4F7E-B428-4A0F55A22B02}.Ad-Hoc|iPhoneSimulator.ActiveCfg = Debug|Any CPU
		{097506BC-6652-4F7E-B428-4A0F55A22B02}.Ad-Hoc|iPhoneSimulator.Build.0 = Debug|Any CPU
		{097506BC-6652-4F7E-B428-4A0F55A22B02}.Ad-Hoc|iPhoneSimulator.Deploy.0 = Debug|Any CPU
		{097506BC-6652-4F7E-B428-4A0F55A22B02}.Ad-Hoc|x64.ActiveCfg = Debug|Any CPU
		{097506BC-6652-4F7E-B428-4A0F55A22B02}.Ad-Hoc|x64.Build.0 = Debug|Any CPU
		{097506BC-6652-4F7E-B428-4A0F55A22B02}.Ad-Hoc|x64.Deploy.0 = Debug|Any CPU
		{097506BC-6652-4F7E-B428-4A0F55A22B02}.Ad-Hoc|x86.ActiveCfg = Debug|Any CPU
		{097506BC-6652-4F7E-B428-4A0F55A22B02}.Ad-Hoc|x86.Build.0 = Debug|Any CPU
		{097506BC-6652-4F7E-B428-4A0F55A22B02}.Ad-Hoc|x86.Deploy.0 = Debug|Any CPU
		{097506BC-6652-4F7E-B428-4A0F55A22B02}.AppStore|Any CPU.ActiveCfg = Debug|Any CPU
		{097506BC-6652-4F7E-B428-4A0F55A22B02}.AppStore|Any CPU.Build.0 = Debug|Any CPU
		{097506BC-6652-4F7E-B428-4A0F55A22B02}.AppStore|Any CPU.Deploy.0 = Debug|Any CPU
		{097506BC-6652-4F7E-B428-4A0F55A22B02}.AppStore|ARM.ActiveCfg = Debug|Any CPU
		{097506BC-6652-4F7E-B428-4A0F55A22B02}.AppStore|ARM.Build.0 = Debug|Any CPU
		{097506BC-6652-4F7E-B428-4A0F55A22B02}.AppStore|ARM.Deploy.0 = Debug|Any CPU
		{097506BC-6652-4F7E-B428-4A0F55A22B02}.AppStore|iPhone.ActiveCfg = Debug|Any CPU
		{097506BC-6652-4F7E-B428-4A0F55A22B02}.AppStore|iPhone.Build.0 = Debug|Any CPU
		{097506BC-6652-4F7E-B428-4A0F55A22B02}.AppStore|iPhone.Deploy.0 = Debug|Any CPU
		{097506BC-6652-4F7E-B428-4A0F55A22B02}.AppStore|iPhoneSimulator.ActiveCfg = Debug|Any CPU
		{097506BC-6652-4F7E-B428-4A0F55A22B02}.AppStore|iPhoneSimulator.Build.0 = Debug|Any CPU
		{097506BC-6652-4F7E-B428-4A0F55A22B02}.AppStore|iPhoneSimulator.Deploy.0 = Debug|Any CPU
		{097506BC-6652-4F7E-B428-4A0F55A22B02}.AppStore|x64.ActiveCfg = Debug|Any CPU
		{097506BC-6652-4F7E-B428-4A0F55A22B02}.AppStore|x64.Build.0 = Debug|Any CPU
		{097506BC-6652-4F7E-B428-4A0F55A22B02}.AppStore|x64.Deploy.0 = Debug|Any CPU
		{097506BC-6652-4F7E-B428-4A0F55A22B02}.AppStore|x86.ActiveCfg = Debug|Any CPU
		{097506BC-6652-4F7E-B428-4A0F55A22B02}.AppStore|x86.Build.0 = Debug|Any CPU
		{097506BC-6652-4F7E-B428-4A0F55A22B02}.AppStore|x86.Deploy.0 = Debug|Any CPU
		{097506BC-6652-4F7E-B428-4A0F55A22B02}.Debug|Any CPU.ActiveCfg = Debug|Any CPU
		{097506BC-6652-4F7E-B428-4A0F55A22B02}.Debug|Any CPU.Build.0 = Debug|Any CPU
		{097506BC-6652-4F7E-B428-4A0F55A22B02}.Debug|Any CPU.Deploy.0 = Debug|Any CPU
		{097506BC-6652-4F7E-B428-4A0F55A22B02}.Debug|ARM.ActiveCfg = Debug|Any CPU
		{097506BC-6652-4F7E-B428-4A0F55A22B02}.Debug|ARM.Build.0 = Debug|Any CPU
		{097506BC-6652-4F7E-B428-4A0F55A22B02}.Debug|ARM.Deploy.0 = Debug|Any CPU
		{097506BC-6652-4F7E-B428-4A0F55A22B02}.Debug|iPhone.ActiveCfg = Debug|Any CPU
		{097506BC-6652-4F7E-B428-4A0F55A22B02}.Debug|iPhone.Build.0 = Debug|Any CPU
		{097506BC-6652-4F7E-B428-4A0F55A22B02}.Debug|iPhone.Deploy.0 = Debug|Any CPU
		{097506BC-6652-4F7E-B428-4A0F55A22B02}.Debug|iPhoneSimulator.ActiveCfg = Debug|Any CPU
		{097506BC-6652-4F7E-B428-4A0F55A22B02}.Debug|iPhoneSimulator.Build.0 = Debug|Any CPU
		{097506BC-6652-4F7E-B428-4A0F55A22B02}.Debug|iPhoneSimulator.Deploy.0 = Debug|Any CPU
		{097506BC-6652-4F7E-B428-4A0F55A22B02}.Debug|x64.ActiveCfg = Debug|Any CPU
		{097506BC-6652-4F7E-B428-4A0F55A22B02}.Debug|x64.Build.0 = Debug|Any CPU
		{097506BC-6652-4F7E-B428-4A0F55A22B02}.Debug|x64.Deploy.0 = Debug|Any CPU
		{097506BC-6652-4F7E-B428-4A0F55A22B02}.Debug|x86.ActiveCfg = Debug|Any CPU
		{097506BC-6652-4F7E-B428-4A0F55A22B02}.Debug|x86.Build.0 = Debug|Any CPU
		{097506BC-6652-4F7E-B428-4A0F55A22B02}.Debug|x86.Deploy.0 = Debug|Any CPU
		{097506BC-6652-4F7E-B428-4A0F55A22B02}.Release|Any CPU.ActiveCfg = Release|Any CPU
		{097506BC-6652-4F7E-B428-4A0F55A22B02}.Release|Any CPU.Build.0 = Release|Any CPU
		{097506BC-6652-4F7E-B428-4A0F55A22B02}.Release|Any CPU.Deploy.0 = Release|Any CPU
		{097506BC-6652-4F7E-B428-4A0F55A22B02}.Release|ARM.ActiveCfg = Release|Any CPU
		{097506BC-6652-4F7E-B428-4A0F55A22B02}.Release|ARM.Build.0 = Release|Any CPU
		{097506BC-6652-4F7E-B428-4A0F55A22B02}.Release|ARM.Deploy.0 = Release|Any CPU
		{097506BC-6652-4F7E-B428-4A0F55A22B02}.Release|iPhone.ActiveCfg = Release|Any CPU
		{097506BC-6652-4F7E-B428-4A0F55A22B02}.Release|iPhone.Build.0 = Release|Any CPU
		{097506BC-6652-4F7E-B428-4A0F55A22B02}.Release|iPhone.Deploy.0 = Release|Any CPU
		{097506BC-6652-4F7E-B428-4A0F55A22B02}.Release|iPhoneSimulator.ActiveCfg = Release|Any CPU
		{097506BC-6652-4F7E-B428-4A0F55A22B02}.Release|iPhoneSimulator.Build.0 = Release|Any CPU
		{097506BC-6652-4F7E-B428-4A0F55A22B02}.Release|iPhoneSimulator.Deploy.0 = Release|Any CPU
		{097506BC-6652-4F7E-B428-4A0F55A22B02}.Release|x64.ActiveCfg = Release|Any CPU
		{097506BC-6652-4F7E-B428-4A0F55A22B02}.Release|x64.Build.0 = Release|Any CPU
		{097506BC-6652-4F7E-B428-4A0F55A22B02}.Release|x64.Deploy.0 = Release|Any CPU
		{097506BC-6652-4F7E-B428-4A0F55A22B02}.Release|x86.ActiveCfg = Release|Any CPU
		{097506BC-6652-4F7E-B428-4A0F55A22B02}.Release|x86.Build.0 = Release|Any CPU
		{097506BC-6652-4F7E-B428-4A0F55A22B02}.Release|x86.Deploy.0 = Release|Any CPU
	EndGlobalSection
	GlobalSection(SolutionProperties) = preSolution
		HideSolutionNode = FALSE
	EndGlobalSection
	GlobalSection(ExtensibilityGlobals) = postSolution
		SolutionGuid = {A1CA4004-5099-4DA5-A1BC-525370CA35C6}
	EndGlobalSection
EndGlobal
